// !$*UTF8*$!
{
	archiveVersion = 1;
	classes = {
	};
	objectVersion = 56;
	objects = {

/* Begin PBXBuildFile section */
		AA486B372986B20F00E2CF89 /* WidgetHelper.docc in Sources */ = {isa = PBXBuildFile; fileRef = AA486B362986B20F00E2CF89 /* WidgetHelper.docc */; };
		AA486B3D2986B20F00E2CF89 /* WidgetHelper.framework in Frameworks */ = {isa = PBXBuildFile; fileRef = AA486B322986B20F00E2CF89 /* WidgetHelper.framework */; };
		AA486B422986B20F00E2CF89 /* WidgetHelperTests.swift in Sources */ = {isa = PBXBuildFile; fileRef = AA486B412986B20F00E2CF89 /* WidgetHelperTests.swift */; };
		AA486B432986B20F00E2CF89 /* WidgetHelper.h in Headers */ = {isa = PBXBuildFile; fileRef = AA486B352986B20F00E2CF89 /* WidgetHelper.h */; settings = {ATTRIBUTES = (Public, ); }; };
		AA486B602986B33D00E2CF89 /* TTDesignSystem.framework in Frameworks */ = {isa = PBXBuildFile; fileRef = AA486B5F2986B33D00E2CF89 /* TTDesignSystem.framework */; };
		AA486BA42986B7F800E2CF89 /* ActivityAttributes.swift in Sources */ = {isa = PBXBuildFile; fileRef = AA486B502986B28300E2CF89 /* ActivityAttributes.swift */; };
		AA486BAB2986B8E200E2CF89 /* TrainTrainWidgetLiveActivity.swift in Sources */ = {isa = PBXBuildFile; fileRef = AA486B522986B28300E2CF89 /* TrainTrainWidgetLiveActivity.swift */; };
/* End PBXBuildFile section */

/* Begin PBXContainerItemProxy section */
		AA486B3E2986B20F00E2CF89 /* PBXContainerItemProxy */ = {
			isa = PBXContainerItemProxy;
			containerPortal = AA486B292986B20F00E2CF89 /* Project object */;
			proxyType = 1;
			remoteGlobalIDString = AA486B312986B20F00E2CF89;
			remoteInfo = WidgetHelper;
		};
/* End PBXContainerItemProxy section */

/* Begin PBXFileReference section */
		AA486B322986B20F00E2CF89 /* WidgetHelper.framework */ = {isa = PBXFileReference; explicitFileType = wrapper.framework; includeInIndex = 0; path = WidgetHelper.framework; sourceTree = BUILT_PRODUCTS_DIR; };
		AA486B352986B20F00E2CF89 /* WidgetHelper.h */ = {isa = PBXFileReference; lastKnownFileType = sourcecode.c.h; path = WidgetHelper.h; sourceTree = "<group>"; };
		AA486B362986B20F00E2CF89 /* WidgetHelper.docc */ = {isa = PBXFileReference; lastKnownFileType = folder.documentationcatalog; path = WidgetHelper.docc; sourceTree = "<group>"; };
		AA486B3C2986B20F00E2CF89 /* WidgetHelperTests.xctest */ = {isa = PBXFileReference; explicitFileType = wrapper.cfbundle; includeInIndex = 0; path = WidgetHelperTests.xctest; sourceTree = BUILT_PRODUCTS_DIR; };
		AA486B412986B20F00E2CF89 /* WidgetHelperTests.swift */ = {isa = PBXFileReference; lastKnownFileType = sourcecode.swift; path = WidgetHelperTests.swift; sourceTree = "<group>"; };
		AA486B502986B28300E2CF89 /* ActivityAttributes.swift */ = {isa = PBXFileReference; lastKnownFileType = sourcecode.swift; path = ActivityAttributes.swift; sourceTree = "<group>"; };
		AA486B522986B28300E2CF89 /* TrainTrainWidgetLiveActivity.swift */ = {isa = PBXFileReference; lastKnownFileType = sourcecode.swift; path = TrainTrainWidgetLiveActivity.swift; sourceTree = "<group>"; };
		AA486B5F2986B33D00E2CF89 /* TTDesignSystem.framework */ = {isa = PBXFileReference; explicitFileType = wrapper.framework; path = TTDesignSystem.framework; sourceTree = BUILT_PRODUCTS_DIR; };
/* End PBXFileReference section */

/* Begin PBXFrameworksBuildPhase section */
		AA486B2F2986B20F00E2CF89 /* Frameworks */ = {
			isa = PBXFrameworksBuildPhase;
			buildActionMask = 2147483647;
			files = (
				AA486B602986B33D00E2CF89 /* TTDesignSystem.framework in Frameworks */,
			);
			runOnlyForDeploymentPostprocessing = 0;
		};
		AA486B392986B20F00E2CF89 /* Frameworks */ = {
			isa = PBXFrameworksBuildPhase;
			buildActionMask = 2147483647;
			files = (
				AA486B3D2986B20F00E2CF89 /* WidgetHelper.framework in Frameworks */,
			);
			runOnlyForDeploymentPostprocessing = 0;
		};
/* End PBXFrameworksBuildPhase section */

/* Begin PBXGroup section */
		AA486B282986B20F00E2CF89 = {
			isa = PBXGroup;
			children = (
				AA486B4D2986B23B00E2CF89 /* Resources */,
				AA486B4C2986B23700E2CF89 /* Sources */,
				AA486B402986B20F00E2CF89 /* Tests */,
				AA486B332986B20F00E2CF89 /* Products */,
				AA486B5E2986B33D00E2CF89 /* Frameworks */,
			);
			sourceTree = "<group>";
		};
		AA486B332986B20F00E2CF89 /* Products */ = {
			isa = PBXGroup;
			children = (
				AA486B322986B20F00E2CF89 /* WidgetHelper.framework */,
				AA486B3C2986B20F00E2CF89 /* WidgetHelperTests.xctest */,
			);
			name = Products;
			sourceTree = "<group>";
		};
		AA486B402986B20F00E2CF89 /* Tests */ = {
			isa = PBXGroup;
			children = (
				AA486B412986B20F00E2CF89 /* WidgetHelperTests.swift */,
			);
			path = Tests;
			sourceTree = "<group>";
		};
		AA486B4C2986B23700E2CF89 /* Sources */ = {
			isa = PBXGroup;
			children = (
				AA486B532986B28300E2CF89 /* LiveActivity */,
				AA486B512986B28300E2CF89 /* Model */,
				AA486B352986B20F00E2CF89 /* WidgetHelper.h */,
			);
			path = Sources;
			sourceTree = "<group>";
		};
		AA486B4D2986B23B00E2CF89 /* Resources */ = {
			isa = PBXGroup;
			children = (
				AA486B362986B20F00E2CF89 /* WidgetHelper.docc */,
			);
			path = Resources;
			sourceTree = "<group>";
		};
		AA486B512986B28300E2CF89 /* Model */ = {
			isa = PBXGroup;
			children = (
				AA486B502986B28300E2CF89 /* ActivityAttributes.swift */,
			);
			path = Model;
			sourceTree = "<group>";
		};
		AA486B532986B28300E2CF89 /* LiveActivity */ = {
			isa = PBXGroup;
			children = (
				AA486B522986B28300E2CF89 /* TrainTrainWidgetLiveActivity.swift */,
			);
			path = LiveActivity;
			sourceTree = "<group>";
		};
		AA486B5E2986B33D00E2CF89 /* Frameworks */ = {
			isa = PBXGroup;
			children = (
				AA486B5F2986B33D00E2CF89 /* TTDesignSystem.framework */,
			);
			name = Frameworks;
			sourceTree = "<group>";
		};
/* End PBXGroup section */

/* Begin PBXHeadersBuildPhase section */
		AA486B2D2986B20F00E2CF89 /* Headers */ = {
			isa = PBXHeadersBuildPhase;
			buildActionMask = 2147483647;
			files = (
				AA486B432986B20F00E2CF89 /* WidgetHelper.h in Headers */,
			);
			runOnlyForDeploymentPostprocessing = 0;
		};
/* End PBXHeadersBuildPhase section */

/* Begin PBXNativeTarget section */
		AA486B312986B20F00E2CF89 /* WidgetHelper */ = {
			isa = PBXNativeTarget;
			buildConfigurationList = AA486B462986B20F00E2CF89 /* Build configuration list for PBXNativeTarget "WidgetHelper" */;
			buildPhases = (
				AA486B2D2986B20F00E2CF89 /* Headers */,
				AA486B2E2986B20F00E2CF89 /* Sources */,
				AA486B2F2986B20F00E2CF89 /* Frameworks */,
				AA486B302986B20F00E2CF89 /* Resources */,
			);
			buildRules = (
			);
			dependencies = (
			);
			name = WidgetHelper;
			productName = WidgetHelper;
			productReference = AA486B322986B20F00E2CF89 /* WidgetHelper.framework */;
			productType = "com.apple.product-type.framework";
		};
		AA486B3B2986B20F00E2CF89 /* WidgetHelperTests */ = {
			isa = PBXNativeTarget;
			buildConfigurationList = AA486B492986B20F00E2CF89 /* Build configuration list for PBXNativeTarget "WidgetHelperTests" */;
			buildPhases = (
				AA486B382986B20F00E2CF89 /* Sources */,
				AA486B392986B20F00E2CF89 /* Frameworks */,
				AA486B3A2986B20F00E2CF89 /* Resources */,
			);
			buildRules = (
			);
			dependencies = (
				AA486B3F2986B20F00E2CF89 /* PBXTargetDependency */,
			);
			name = WidgetHelperTests;
			productName = WidgetHelperTests;
			productReference = AA486B3C2986B20F00E2CF89 /* WidgetHelperTests.xctest */;
			productType = "com.apple.product-type.bundle.unit-test";
		};
/* End PBXNativeTarget section */

/* Begin PBXProject section */
		AA486B292986B20F00E2CF89 /* Project object */ = {
			isa = PBXProject;
			attributes = {
				BuildIndependentTargetsInParallel = 1;
				LastSwiftUpdateCheck = 1410;
				LastUpgradeCheck = 1410;
				TargetAttributes = {
					AA486B312986B20F00E2CF89 = {
						CreatedOnToolsVersion = 14.1;
					};
					AA486B3B2986B20F00E2CF89 = {
						CreatedOnToolsVersion = 14.1;
					};
				};
			};
			buildConfigurationList = AA486B2C2986B20F00E2CF89 /* Build configuration list for PBXProject "WidgetHelper" */;
			compatibilityVersion = "Xcode 14.0";
			developmentRegion = en;
			hasScannedForEncodings = 0;
			knownRegions = (
				en,
				Base,
			);
			mainGroup = AA486B282986B20F00E2CF89;
			productRefGroup = AA486B332986B20F00E2CF89 /* Products */;
			projectDirPath = "";
			projectRoot = "";
			targets = (
				AA486B312986B20F00E2CF89 /* WidgetHelper */,
				AA486B3B2986B20F00E2CF89 /* WidgetHelperTests */,
			);
		};
/* End PBXProject section */

/* Begin PBXResourcesBuildPhase section */
		AA486B302986B20F00E2CF89 /* Resources */ = {
			isa = PBXResourcesBuildPhase;
			buildActionMask = 2147483647;
			files = (
			);
			runOnlyForDeploymentPostprocessing = 0;
		};
		AA486B3A2986B20F00E2CF89 /* Resources */ = {
			isa = PBXResourcesBuildPhase;
			buildActionMask = 2147483647;
			files = (
			);
			runOnlyForDeploymentPostprocessing = 0;
		};
/* End PBXResourcesBuildPhase section */

/* Begin PBXSourcesBuildPhase section */
		AA486B2E2986B20F00E2CF89 /* Sources */ = {
			isa = PBXSourcesBuildPhase;
			buildActionMask = 2147483647;
			files = (
				AA486B372986B20F00E2CF89 /* WidgetHelper.docc in Sources */,
				AA486BA42986B7F800E2CF89 /* ActivityAttributes.swift in Sources */,
				AA486BAB2986B8E200E2CF89 /* TrainTrainWidgetLiveActivity.swift in Sources */,
			);
			runOnlyForDeploymentPostprocessing = 0;
		};
		AA486B382986B20F00E2CF89 /* Sources */ = {
			isa = PBXSourcesBuildPhase;
			buildActionMask = 2147483647;
			files = (
				AA486B422986B20F00E2CF89 /* WidgetHelperTests.swift in Sources */,
			);
			runOnlyForDeploymentPostprocessing = 0;
		};
/* End PBXSourcesBuildPhase section */

/* Begin PBXTargetDependency section */
		AA486B3F2986B20F00E2CF89 /* PBXTargetDependency */ = {
			isa = PBXTargetDependency;
			target = AA486B312986B20F00E2CF89 /* WidgetHelper */;
			targetProxy = AA486B3E2986B20F00E2CF89 /* PBXContainerItemProxy */;
		};
/* End PBXTargetDependency section */

/* Begin XCBuildConfiguration section */
		AA486B442986B20F00E2CF89 /* Debug */ = {
			isa = XCBuildConfiguration;
			buildSettings = {
				ALWAYS_SEARCH_USER_PATHS = NO;
				APPLICATION_EXTENSION_API_ONLY = YES;
				CLANG_ANALYZER_NONNULL = YES;
				CLANG_ANALYZER_NUMBER_OBJECT_CONVERSION = YES_AGGRESSIVE;
				CLANG_CXX_LANGUAGE_STANDARD = "gnu++20";
				CLANG_ENABLE_MODULES = YES;
				CLANG_ENABLE_OBJC_ARC = YES;
				CLANG_ENABLE_OBJC_WEAK = YES;
				CLANG_WARN_BLOCK_CAPTURE_AUTORELEASING = YES;
				CLANG_WARN_BOOL_CONVERSION = YES;
				CLANG_WARN_COMMA = YES;
				CLANG_WARN_CONSTANT_CONVERSION = YES;
				CLANG_WARN_DEPRECATED_OBJC_IMPLEMENTATIONS = YES;
				CLANG_WARN_DIRECT_OBJC_ISA_USAGE = YES_ERROR;
				CLANG_WARN_DOCUMENTATION_COMMENTS = YES;
				CLANG_WARN_EMPTY_BODY = YES;
				CLANG_WARN_ENUM_CONVERSION = YES;
				CLANG_WARN_INFINITE_RECURSION = YES;
				CLANG_WARN_INT_CONVERSION = YES;
				CLANG_WARN_NON_LITERAL_NULL_CONVERSION = YES;
				CLANG_WARN_OBJC_IMPLICIT_RETAIN_SELF = YES;
				CLANG_WARN_OBJC_LITERAL_CONVERSION = YES;
				CLANG_WARN_OBJC_ROOT_CLASS = YES_ERROR;
				CLANG_WARN_QUOTED_INCLUDE_IN_FRAMEWORK_HEADER = YES;
				CLANG_WARN_RANGE_LOOP_ANALYSIS = YES;
				CLANG_WARN_STRICT_PROTOTYPES = YES;
				CLANG_WARN_SUSPICIOUS_MOVE = YES;
				CLANG_WARN_UNGUARDED_AVAILABILITY = YES_AGGRESSIVE;
				CLANG_WARN_UNREACHABLE_CODE = YES;
				CLANG_WARN__DUPLICATE_METHOD_MATCH = YES;
				COPY_PHASE_STRIP = NO;
				CURRENT_PROJECT_VERSION = 1;
				DEBUG_INFORMATION_FORMAT = dwarf;
				ENABLE_STRICT_OBJC_MSGSEND = YES;
				ENABLE_TESTABILITY = YES;
				GCC_C_LANGUAGE_STANDARD = gnu11;
				GCC_DYNAMIC_NO_PIC = NO;
				GCC_NO_COMMON_BLOCKS = YES;
				GCC_OPTIMIZATION_LEVEL = 0;
				GCC_PREPROCESSOR_DEFINITIONS = (
					"DEBUG=1",
					"$(inherited)",
				);
				GCC_WARN_64_TO_32_BIT_CONVERSION = YES;
				GCC_WARN_ABOUT_RETURN_TYPE = YES_ERROR;
				GCC_WARN_UNDECLARED_SELECTOR = YES;
				GCC_WARN_UNINITIALIZED_AUTOS = YES_AGGRESSIVE;
				GCC_WARN_UNUSED_FUNCTION = YES;
				GCC_WARN_UNUSED_VARIABLE = YES;
				IPHONEOS_DEPLOYMENT_TARGET = 15.0;
				MTL_ENABLE_DEBUG_INFO = INCLUDE_SOURCE;
				MTL_FAST_MATH = YES;
				ONLY_ACTIVE_ARCH = YES;
				SDKROOT = iphoneos;
				SWIFT_ACTIVE_COMPILATION_CONDITIONS = DEBUG;
				SWIFT_OPTIMIZATION_LEVEL = "-Onone";
				VERSIONING_SYSTEM = "apple-generic";
				VERSION_INFO_PREFIX = "";
			};
			name = Debug;
		};
		AA486B452986B20F00E2CF89 /* Release */ = {
			isa = XCBuildConfiguration;
			buildSettings = {
				ALWAYS_SEARCH_USER_PATHS = NO;
				APPLICATION_EXTENSION_API_ONLY = YES;
				CLANG_ANALYZER_NONNULL = YES;
				CLANG_ANALYZER_NUMBER_OBJECT_CONVERSION = YES_AGGRESSIVE;
				CLANG_CXX_LANGUAGE_STANDARD = "gnu++20";
				CLANG_ENABLE_MODULES = YES;
				CLANG_ENABLE_OBJC_ARC = YES;
				CLANG_ENABLE_OBJC_WEAK = YES;
				CLANG_WARN_BLOCK_CAPTURE_AUTORELEASING = YES;
				CLANG_WARN_BOOL_CONVERSION = YES;
				CLANG_WARN_COMMA = YES;
				CLANG_WARN_CONSTANT_CONVERSION = YES;
				CLANG_WARN_DEPRECATED_OBJC_IMPLEMENTATIONS = YES;
				CLANG_WARN_DIRECT_OBJC_ISA_USAGE = YES_ERROR;
				CLANG_WARN_DOCUMENTATION_COMMENTS = YES;
				CLANG_WARN_EMPTY_BODY = YES;
				CLANG_WARN_ENUM_CONVERSION = YES;
				CLANG_WARN_INFINITE_RECURSION = YES;
				CLANG_WARN_INT_CONVERSION = YES;
				CLANG_WARN_NON_LITERAL_NULL_CONVERSION = YES;
				CLANG_WARN_OBJC_IMPLICIT_RETAIN_SELF = YES;
				CLANG_WARN_OBJC_LITERAL_CONVERSION = YES;
				CLANG_WARN_OBJC_ROOT_CLASS = YES_ERROR;
				CLANG_WARN_QUOTED_INCLUDE_IN_FRAMEWORK_HEADER = YES;
				CLANG_WARN_RANGE_LOOP_ANALYSIS = YES;
				CLANG_WARN_STRICT_PROTOTYPES = YES;
				CLANG_WARN_SUSPICIOUS_MOVE = YES;
				CLANG_WARN_UNGUARDED_AVAILABILITY = YES_AGGRESSIVE;
				CLANG_WARN_UNREACHABLE_CODE = YES;
				CLANG_WARN__DUPLICATE_METHOD_MATCH = YES;
				COPY_PHASE_STRIP = NO;
				CURRENT_PROJECT_VERSION = 1;
				DEBUG_INFORMATION_FORMAT = "dwarf-with-dsym";
				ENABLE_NS_ASSERTIONS = NO;
				ENABLE_STRICT_OBJC_MSGSEND = YES;
				GCC_C_LANGUAGE_STANDARD = gnu11;
				GCC_NO_COMMON_BLOCKS = YES;
				GCC_WARN_64_TO_32_BIT_CONVERSION = YES;
				GCC_WARN_ABOUT_RETURN_TYPE = YES_ERROR;
				GCC_WARN_UNDECLARED_SELECTOR = YES;
				GCC_WARN_UNINITIALIZED_AUTOS = YES_AGGRESSIVE;
				GCC_WARN_UNUSED_FUNCTION = YES;
				GCC_WARN_UNUSED_VARIABLE = YES;
				IPHONEOS_DEPLOYMENT_TARGET = 15.0;
				MTL_ENABLE_DEBUG_INFO = NO;
				MTL_FAST_MATH = YES;
				SDKROOT = iphoneos;
				SWIFT_COMPILATION_MODE = wholemodule;
				SWIFT_OPTIMIZATION_LEVEL = "-O";
				VALIDATE_PRODUCT = YES;
				VERSIONING_SYSTEM = "apple-generic";
				VERSION_INFO_PREFIX = "";
			};
			name = Release;
		};
		AA486B472986B20F00E2CF89 /* Debug */ = {
			isa = XCBuildConfiguration;
			buildSettings = {
				CODE_SIGN_STYLE = Manual;
				CURRENT_PROJECT_VERSION = 1;
				DEFINES_MODULE = YES;
				DEVELOPMENT_TEAM = "";
				DYLIB_COMPATIBILITY_VERSION = 1;
				DYLIB_CURRENT_VERSION = 1;
				DYLIB_INSTALL_NAME_BASE = "@rpath";
				GENERATE_INFOPLIST_FILE = YES;
				INFOPLIST_KEY_NSHumanReadableCopyright = "";
				INSTALL_PATH = "$(LOCAL_LIBRARY_DIR)/Frameworks";
				LD_RUNPATH_SEARCH_PATHS = (
					"$(inherited)",
					"@executable_path/Frameworks",
					"@loader_path/Frameworks",
				);
				MARKETING_VERSION = 1.0;
				PRODUCT_BUNDLE_IDENTIFIER = space.codable.WidgetHelper;
				PRODUCT_NAME = "$(TARGET_NAME:c99extidentifier)";
				PROVISIONING_PROFILE_SPECIFIER = "";
				SKIP_INSTALL = YES;
				SWIFT_EMIT_LOC_STRINGS = YES;
				SWIFT_VERSION = 5.0;
				TARGETED_DEVICE_FAMILY = "1,2";
			};
			name = Debug;
		};
		AA486B482986B20F00E2CF89 /* Release */ = {
			isa = XCBuildConfiguration;
			buildSettings = {
				CODE_SIGN_STYLE = Manual;
				CURRENT_PROJECT_VERSION = 1;
				DEFINES_MODULE = YES;
				DEVELOPMENT_TEAM = "";
				DYLIB_COMPATIBILITY_VERSION = 1;
				DYLIB_CURRENT_VERSION = 1;
				DYLIB_INSTALL_NAME_BASE = "@rpath";
				GENERATE_INFOPLIST_FILE = YES;
				INFOPLIST_KEY_NSHumanReadableCopyright = "";
				INSTALL_PATH = "$(LOCAL_LIBRARY_DIR)/Frameworks";
				LD_RUNPATH_SEARCH_PATHS = (
					"$(inherited)",
					"@executable_path/Frameworks",
					"@loader_path/Frameworks",
				);
				MARKETING_VERSION = 1.0;
				PRODUCT_BUNDLE_IDENTIFIER = space.codable.WidgetHelper;
				PRODUCT_NAME = "$(TARGET_NAME:c99extidentifier)";
				PROVISIONING_PROFILE_SPECIFIER = "";
				SKIP_INSTALL = YES;
				SWIFT_EMIT_LOC_STRINGS = YES;
				SWIFT_VERSION = 5.0;
				TARGETED_DEVICE_FAMILY = "1,2";
			};
			name = Release;
		};
		AA486B4A2986B20F00E2CF89 /* Debug */ = {
			isa = XCBuildConfiguration;
			buildSettings = {
				ALWAYS_EMBED_SWIFT_STANDARD_LIBRARIES = YES;
				CODE_SIGN_STYLE = Manual;
				CURRENT_PROJECT_VERSION = 1;
				DEVELOPMENT_TEAM = "";
				GENERATE_INFOPLIST_FILE = YES;
				MARKETING_VERSION = 1.0;
				PRODUCT_BUNDLE_IDENTIFIER = space.codable.WidgetHelperTests;
				PRODUCT_NAME = "$(TARGET_NAME)";
				PROVISIONING_PROFILE_SPECIFIER = "";
				SWIFT_EMIT_LOC_STRINGS = NO;
				SWIFT_VERSION = 5.0;
				TARGETED_DEVICE_FAMILY = "1,2";
			};
			name = Debug;
		};
		AA486B4B2986B20F00E2CF89 /* Release */ = {
			isa = XCBuildConfiguration;
			buildSettings = {
				ALWAYS_EMBED_SWIFT_STANDARD_LIBRARIES = YES;
				CODE_SIGN_STYLE = Manual;
				CURRENT_PROJECT_VERSION = 1;
				DEVELOPMENT_TEAM = "";
				GENERATE_INFOPLIST_FILE = YES;
				MARKETING_VERSION = 1.0;
				PRODUCT_BUNDLE_IDENTIFIER = space.codable.WidgetHelperTests;
				PRODUCT_NAME = "$(TARGET_NAME)";
				PROVISIONING_PROFILE_SPECIFIER = "";
				SWIFT_EMIT_LOC_STRINGS = NO;
				SWIFT_VERSION = 5.0;
				TARGETED_DEVICE_FAMILY = "1,2";
			};
			name = Release;
		};
/* End XCBuildConfiguration section */

/* Begin XCConfigurationList section */
		AA486B2C2986B20F00E2CF89 /* Build configuration list for PBXProject "WidgetHelper" */ = {
			isa = XCConfigurationList;
			buildConfigurations = (
				AA486B442986B20F00E2CF89 /* Debug */,
				AA486B452986B20F00E2CF89 /* Release */,
			);
			defaultConfigurationIsVisible = 0;
			defaultConfigurationName = Release;
		};
		AA486B462986B20F00E2CF89 /* Build configuration list for PBXNativeTarget "WidgetHelper" */ = {
			isa = XCConfigurationList;
			buildConfigurations = (
				AA486B472986B20F00E2CF89 /* Debug */,
				AA486B482986B20F00E2CF89 /* Release */,
			);
			defaultConfigurationIsVisible = 0;
			defaultConfigurationName = Release;
		};
		AA486B492986B20F00E2CF89 /* Build configuration list for PBXNativeTarget "WidgetHelperTests" */ = {
			isa = XCConfigurationList;
			buildConfigurations = (
				AA486B4A2986B20F00E2CF89 /* Debug */,
				AA486B4B2986B20F00E2CF89 /* Release */,
			);
			defaultConfigurationIsVisible = 0;
			defaultConfigurationName = Release;
		};
/* End XCConfigurationList section */
	};
	rootObject = AA486B292986B20F00E2CF89 /* Project object */;
}
