// !$*UTF8*$!
{
	archiveVersion = 1;
	classes = {
	};
	objectVersion = 56;
	objects = {

/* Begin PBXBuildFile section */
		C1724B3029084C2F00A339BA /* ReactiveButton.swift in Sources */ = {isa = PBXBuildFile; fileRef = C1724B2F29084C2F00A339BA /* ReactiveButton.swift */; };
		C18E716328CDAFB9000C9BA5 /* TrainInfo.swift in Sources */ = {isa = PBXBuildFile; fileRef = C18E716228CDAFB9000C9BA5 /* TrainInfo.swift */; };
		C18E716628CDB2C6000C9BA5 /* ErrorMessage.swift in Sources */ = {isa = PBXBuildFile; fileRef = C18E716528CDB2C6000C9BA5 /* ErrorMessage.swift */; };
		C18E716828CDB8ED000C9BA5 /* ArrivalInfo.swift in Sources */ = {isa = PBXBuildFile; fileRef = C18E716728CDB8ED000C9BA5 /* ArrivalInfo.swift */; };
		C18E716A28CDBD24000C9BA5 /* TrainType.swift in Sources */ = {isa = PBXBuildFile; fileRef = C18E716928CDBD24000C9BA5 /* TrainType.swift */; };
		C18E716C28CDC177000C9BA5 /* NetworkManager.swift in Sources */ = {isa = PBXBuildFile; fileRef = C18E716B28CDC177000C9BA5 /* NetworkManager.swift */; };
		C18E716E28CDCD57000C9BA5 /* APIError.swift in Sources */ = {isa = PBXBuildFile; fileRef = C18E716D28CDCD57000C9BA5 /* APIError.swift */; };
		C18E717428CEBCA7000C9BA5 /* SelectionView.swift in Sources */ = {isa = PBXBuildFile; fileRef = C18E717328CEBCA7000C9BA5 /* SelectionView.swift */; };
		C1CF27502928B4E20021B329 /* NewArrivalView.swift in Sources */ = {isa = PBXBuildFile; fileRef = C1CF274F2928B4E20021B329 /* NewArrivalView.swift */; };
		C1CF27522928B7FB0021B329 /* NewTrainProgressView.swift in Sources */ = {isa = PBXBuildFile; fileRef = C1CF27512928B7FB0021B329 /* NewTrainProgressView.swift */; };
		C1D22DF428F29C0B00BE3368 /* String+cleaned.swift in Sources */ = {isa = PBXBuildFile; fileRef = C1D22DF328F29C0B00BE3368 /* String+cleaned.swift */; };
		C1D22DF728F2A0A700BE3368 /* ColorCapsuleViewModifier.swift in Sources */ = {isa = PBXBuildFile; fileRef = C1D22DF628F2A0A700BE3368 /* ColorCapsuleViewModifier.swift */; };
		C1D22DF928F2A41600BE3368 /* AskCapsuleViewModifier.swift in Sources */ = {isa = PBXBuildFile; fileRef = C1D22DF828F2A41600BE3368 /* AskCapsuleViewModifier.swift */; };
		C1D22DFC28F2B73600BE3368 /* ConfettiSwiftUI in Frameworks */ = {isa = PBXBuildFile; productRef = C1D22DFB28F2B73600BE3368 /* ConfettiSwiftUI */; };
		C1D22DFE28F2CCAC00BE3368 /* Comparable+clamped.swift in Sources */ = {isa = PBXBuildFile; fileRef = C1D22DFD28F2CCAC00BE3368 /* Comparable+clamped.swift */; };
		C1D22E0028F315D100BE3368 /* SimplifiedArrivalView.swift in Sources */ = {isa = PBXBuildFile; fileRef = C1D22DFF28F315D100BE3368 /* SimplifiedArrivalView.swift */; };
		C1E04BBA28E987E700FAD6D1 /* StationList221023.plist in Resources */ = {isa = PBXBuildFile; fileRef = C1E04BB928E987E700FAD6D1 /* StationList221023.plist */; };
		C1E04BBC28E9AEC600FAD6D1 /* StationInfo.swift in Sources */ = {isa = PBXBuildFile; fileRef = C1E04BBB28E9AEC600FAD6D1 /* StationInfo.swift */; };
		C1E93EBA2903D7B3000284C2 /* HalfCapsule.swift in Sources */ = {isa = PBXBuildFile; fileRef = C1E93EB92903D7B3000284C2 /* HalfCapsule.swift */; };
		C1F91BCF28CEF55700FC8DE9 /* Color+subwayLines.swift in Sources */ = {isa = PBXBuildFile; fileRef = C1F91BCE28CEF55700FC8DE9 /* Color+subwayLines.swift */; };
		C1F91BD428CEF80600FC8DE9 /* SubwayLine.swift in Sources */ = {isa = PBXBuildFile; fileRef = C1F91BD328CEF80600FC8DE9 /* SubwayLine.swift */; };
		CC15FCE12904BE4400A0ECE5 /* Triangle.swift in Sources */ = {isa = PBXBuildFile; fileRef = CC15FCE02904BE4400A0ECE5 /* Triangle.swift */; };
		CC37AE0128F2972E009190D0 /* TrainProgressView.swift in Sources */ = {isa = PBXBuildFile; fileRef = CC37AE0028F2972E009190D0 /* TrainProgressView.swift */; };
		CC40B97C28E9736100F784A7 /* ArrivalView.swift in Sources */ = {isa = PBXBuildFile; fileRef = CC40B97B28E9736100F784A7 /* ArrivalView.swift */; };
		CC83436929172782009F411F /* Array+safeExport.swift in Sources */ = {isa = PBXBuildFile; fileRef = CC83436829172782009F411F /* Array+safeExport.swift */; };
		CF137AB728CDA8A10022B6AF /* TrainTrainApp.swift in Sources */ = {isa = PBXBuildFile; fileRef = CF137AB628CDA8A10022B6AF /* TrainTrainApp.swift */; };
		CF137AB928CDA8A10022B6AF /* ContentView.swift in Sources */ = {isa = PBXBuildFile; fileRef = CF137AB828CDA8A10022B6AF /* ContentView.swift */; };
		CF137ABB28CDA8A20022B6AF /* Assets.xcassets in Resources */ = {isa = PBXBuildFile; fileRef = CF137ABA28CDA8A20022B6AF /* Assets.xcassets */; };
		CF137ABE28CDA8A20022B6AF /* Preview Assets.xcassets in Resources */ = {isa = PBXBuildFile; fileRef = CF137ABD28CDA8A20022B6AF /* Preview Assets.xcassets */; };
/* End PBXBuildFile section */

/* Begin PBXFileReference section */
		C1724B2F29084C2F00A339BA /* ReactiveButton.swift */ = {isa = PBXFileReference; lastKnownFileType = sourcecode.swift; path = ReactiveButton.swift; sourceTree = "<group>"; };
		C18E716228CDAFB9000C9BA5 /* TrainInfo.swift */ = {isa = PBXFileReference; lastKnownFileType = sourcecode.swift; path = TrainInfo.swift; sourceTree = "<group>"; };
		C18E716528CDB2C6000C9BA5 /* ErrorMessage.swift */ = {isa = PBXFileReference; lastKnownFileType = sourcecode.swift; path = ErrorMessage.swift; sourceTree = "<group>"; };
		C18E716728CDB8ED000C9BA5 /* ArrivalInfo.swift */ = {isa = PBXFileReference; lastKnownFileType = sourcecode.swift; path = ArrivalInfo.swift; sourceTree = "<group>"; };
		C18E716928CDBD24000C9BA5 /* TrainType.swift */ = {isa = PBXFileReference; lastKnownFileType = sourcecode.swift; path = TrainType.swift; sourceTree = "<group>"; };
		C18E716B28CDC177000C9BA5 /* NetworkManager.swift */ = {isa = PBXFileReference; lastKnownFileType = sourcecode.swift; path = NetworkManager.swift; sourceTree = "<group>"; };
		C18E716D28CDCD57000C9BA5 /* APIError.swift */ = {isa = PBXFileReference; lastKnownFileType = sourcecode.swift; path = APIError.swift; sourceTree = "<group>"; };
		C18E716F28CDD5F2000C9BA5 /* Info.plist */ = {isa = PBXFileReference; lastKnownFileType = text.plist; path = Info.plist; sourceTree = "<group>"; };
		C18E717328CEBCA7000C9BA5 /* SelectionView.swift */ = {isa = PBXFileReference; lastKnownFileType = sourcecode.swift; path = SelectionView.swift; sourceTree = "<group>"; };
		C1CF274F2928B4E20021B329 /* NewArrivalView.swift */ = {isa = PBXFileReference; lastKnownFileType = sourcecode.swift; path = NewArrivalView.swift; sourceTree = "<group>"; };
		C1CF27512928B7FB0021B329 /* NewTrainProgressView.swift */ = {isa = PBXFileReference; lastKnownFileType = sourcecode.swift; path = NewTrainProgressView.swift; sourceTree = "<group>"; };
		C1D22DF328F29C0B00BE3368 /* String+cleaned.swift */ = {isa = PBXFileReference; lastKnownFileType = sourcecode.swift; path = "String+cleaned.swift"; sourceTree = "<group>"; };
		C1D22DF628F2A0A700BE3368 /* ColorCapsuleViewModifier.swift */ = {isa = PBXFileReference; lastKnownFileType = sourcecode.swift; path = ColorCapsuleViewModifier.swift; sourceTree = "<group>"; };
		C1D22DF828F2A41600BE3368 /* AskCapsuleViewModifier.swift */ = {isa = PBXFileReference; lastKnownFileType = sourcecode.swift; path = AskCapsuleViewModifier.swift; sourceTree = "<group>"; };
		C1D22DFD28F2CCAC00BE3368 /* Comparable+clamped.swift */ = {isa = PBXFileReference; lastKnownFileType = sourcecode.swift; path = "Comparable+clamped.swift"; sourceTree = "<group>"; };
		C1D22DFF28F315D100BE3368 /* SimplifiedArrivalView.swift */ = {isa = PBXFileReference; lastKnownFileType = sourcecode.swift; path = SimplifiedArrivalView.swift; sourceTree = "<group>"; };
		C1E04BB928E987E700FAD6D1 /* StationList221023.plist */ = {isa = PBXFileReference; lastKnownFileType = text.plist.xml; path = StationList221023.plist; sourceTree = "<group>"; };
		C1E04BBB28E9AEC600FAD6D1 /* StationInfo.swift */ = {isa = PBXFileReference; lastKnownFileType = sourcecode.swift; path = StationInfo.swift; sourceTree = "<group>"; };
		C1E93EB92903D7B3000284C2 /* HalfCapsule.swift */ = {isa = PBXFileReference; lastKnownFileType = sourcecode.swift; path = HalfCapsule.swift; sourceTree = "<group>"; };
		C1F91BCE28CEF55700FC8DE9 /* Color+subwayLines.swift */ = {isa = PBXFileReference; lastKnownFileType = sourcecode.swift; path = "Color+subwayLines.swift"; sourceTree = "<group>"; };
		C1F91BD328CEF80600FC8DE9 /* SubwayLine.swift */ = {isa = PBXFileReference; lastKnownFileType = sourcecode.swift; path = SubwayLine.swift; sourceTree = "<group>"; };
		CC15FCE02904BE4400A0ECE5 /* Triangle.swift */ = {isa = PBXFileReference; lastKnownFileType = sourcecode.swift; path = Triangle.swift; sourceTree = "<group>"; };
		CC37AE0028F2972E009190D0 /* TrainProgressView.swift */ = {isa = PBXFileReference; lastKnownFileType = sourcecode.swift; path = TrainProgressView.swift; sourceTree = "<group>"; };
		CC40B97B28E9736100F784A7 /* ArrivalView.swift */ = {isa = PBXFileReference; lastKnownFileType = sourcecode.swift; path = ArrivalView.swift; sourceTree = "<group>"; };
		CC83436829172782009F411F /* Array+safeExport.swift */ = {isa = PBXFileReference; lastKnownFileType = sourcecode.swift; path = "Array+safeExport.swift"; sourceTree = "<group>"; };
		CF137AB328CDA8A10022B6AF /* TrainTrain.app */ = {isa = PBXFileReference; explicitFileType = wrapper.application; includeInIndex = 0; path = TrainTrain.app; sourceTree = BUILT_PRODUCTS_DIR; };
		CF137AB628CDA8A10022B6AF /* TrainTrainApp.swift */ = {isa = PBXFileReference; lastKnownFileType = sourcecode.swift; path = TrainTrainApp.swift; sourceTree = "<group>"; };
		CF137AB828CDA8A10022B6AF /* ContentView.swift */ = {isa = PBXFileReference; lastKnownFileType = sourcecode.swift; path = ContentView.swift; sourceTree = "<group>"; };
		CF137ABA28CDA8A20022B6AF /* Assets.xcassets */ = {isa = PBXFileReference; lastKnownFileType = folder.assetcatalog; path = Assets.xcassets; sourceTree = "<group>"; };
		CF137ABD28CDA8A20022B6AF /* Preview Assets.xcassets */ = {isa = PBXFileReference; lastKnownFileType = folder.assetcatalog; path = "Preview Assets.xcassets"; sourceTree = "<group>"; };
/* End PBXFileReference section */

/* Begin PBXFrameworksBuildPhase section */
		CF137AB028CDA8A10022B6AF /* Frameworks */ = {
			isa = PBXFrameworksBuildPhase;
			buildActionMask = 2147483647;
			files = (
				C1D22DFC28F2B73600BE3368 /* ConfettiSwiftUI in Frameworks */,
			);
			runOnlyForDeploymentPostprocessing = 0;
		};
/* End PBXFrameworksBuildPhase section */

/* Begin PBXGroup section */
		C18E716128CDAEE4000C9BA5 /* Network */ = {
			isa = PBXGroup;
			children = (
				C18E716B28CDC177000C9BA5 /* NetworkManager.swift */,
				C18E716D28CDCD57000C9BA5 /* APIError.swift */,
			);
			path = Network;
			sourceTree = "<group>";
		};
		C1D22DF528F2A06F00BE3368 /* ViewModifier */ = {
			isa = PBXGroup;
			children = (
				C1D22DF628F2A0A700BE3368 /* ColorCapsuleViewModifier.swift */,
				C1D22DF828F2A41600BE3368 /* AskCapsuleViewModifier.swift */,
			);
			path = ViewModifier;
			sourceTree = "<group>";
		};
		C1F91BCD28CEF53400FC8DE9 /* Extension */ = {
			isa = PBXGroup;
			children = (
				C1F91BCE28CEF55700FC8DE9 /* Color+subwayLines.swift */,
				C1D22DF328F29C0B00BE3368 /* String+cleaned.swift */,
				C1D22DFD28F2CCAC00BE3368 /* Comparable+clamped.swift */,
				CC83436829172782009F411F /* Array+safeExport.swift */,
			);
			path = Extension;
			sourceTree = "<group>";
		};
		C1F91BD228CEF7E400FC8DE9 /* Model */ = {
			isa = PBXGroup;
			children = (
				C18E716728CDB8ED000C9BA5 /* ArrivalInfo.swift */,
				C18E716228CDAFB9000C9BA5 /* TrainInfo.swift */,
				C1E04BBB28E9AEC600FAD6D1 /* StationInfo.swift */,
				C18E716528CDB2C6000C9BA5 /* ErrorMessage.swift */,
				C18E716928CDBD24000C9BA5 /* TrainType.swift */,
				C1F91BD328CEF80600FC8DE9 /* SubwayLine.swift */,
			);
			path = Model;
			sourceTree = "<group>";
		};
		C1F91BD728CF071800FC8DE9 /* View */ = {
			isa = PBXGroup;
			children = (
				CC15FCDF2904B9E400A0ECE5 /* Shape */,
				C1D22DF528F2A06F00BE3368 /* ViewModifier */,
				C18E717328CEBCA7000C9BA5 /* SelectionView.swift */,
				C1D22DFF28F315D100BE3368 /* SimplifiedArrivalView.swift */,
				CC40B97B28E9736100F784A7 /* ArrivalView.swift */,
				C1CF274F2928B4E20021B329 /* NewArrivalView.swift */,
				CC37AE0028F2972E009190D0 /* TrainProgressView.swift */,
				C1CF27512928B7FB0021B329 /* NewTrainProgressView.swift */,
			);
			path = View;
			sourceTree = "<group>";
		};
		CC15FCDF2904B9E400A0ECE5 /* Shape */ = {
			isa = PBXGroup;
			children = (
				CC15FCE02904BE4400A0ECE5 /* Triangle.swift */,
				C1E93EB92903D7B3000284C2 /* HalfCapsule.swift */,
				C1724B2F29084C2F00A339BA /* ReactiveButton.swift */,
			);
			path = Shape;
			sourceTree = "<group>";
		};
		CC40B97828E9717600F784A7 /* Presentation */ = {
			isa = PBXGroup;
			children = (
				CF137AB828CDA8A10022B6AF /* ContentView.swift */,
				C1F91BD728CF071800FC8DE9 /* View */,
			);
			path = Presentation;
			sourceTree = "<group>";
		};
		CC40B97928E9718100F784A7 /* Domain */ = {
			isa = PBXGroup;
			children = (
				C1F91BD228CEF7E400FC8DE9 /* Model */,
			);
			path = Domain;
			sourceTree = "<group>";
		};
		CC40B97A28E9719500F784A7 /* Repository */ = {
			isa = PBXGroup;
			children = (
				C18E716128CDAEE4000C9BA5 /* Network */,
			);
			path = Repository;
			sourceTree = "<group>";
		};
		CF137AAA28CDA8A10022B6AF = {
			isa = PBXGroup;
			children = (
				CF137AB528CDA8A10022B6AF /* TrainTrain */,
				CF137AB428CDA8A10022B6AF /* Products */,
			);
			sourceTree = "<group>";
		};
		CF137AB428CDA8A10022B6AF /* Products */ = {
			isa = PBXGroup;
			children = (
				CF137AB328CDA8A10022B6AF /* TrainTrain.app */,
			);
			name = Products;
			sourceTree = "<group>";
		};
		CF137AB528CDA8A10022B6AF /* TrainTrain */ = {
			isa = PBXGroup;
			children = (
				CF137AB628CDA8A10022B6AF /* TrainTrainApp.swift */,
				CC40B97828E9717600F784A7 /* Presentation */,
				CC40B97A28E9719500F784A7 /* Repository */,
				CC40B97928E9718100F784A7 /* Domain */,
				C1F91BCD28CEF53400FC8DE9 /* Extension */,
				C18E716F28CDD5F2000C9BA5 /* Info.plist */,
				C1E04BB928E987E700FAD6D1 /* StationList221023.plist */,
				CF137ABA28CDA8A20022B6AF /* Assets.xcassets */,
				CF137ABC28CDA8A20022B6AF /* Preview Content */,
			);
			path = TrainTrain;
			sourceTree = "<group>";
		};
		CF137ABC28CDA8A20022B6AF /* Preview Content */ = {
			isa = PBXGroup;
			children = (
				CF137ABD28CDA8A20022B6AF /* Preview Assets.xcassets */,
			);
			path = "Preview Content";
			sourceTree = "<group>";
		};
/* End PBXGroup section */

/* Begin PBXNativeTarget section */
		CF137AB228CDA8A10022B6AF /* TrainTrain */ = {
			isa = PBXNativeTarget;
			buildConfigurationList = CF137AC128CDA8A20022B6AF /* Build configuration list for PBXNativeTarget "TrainTrain" */;
			buildPhases = (
				CF137AAF28CDA8A10022B6AF /* Sources */,
				CF137AB028CDA8A10022B6AF /* Frameworks */,
				CF137AB128CDA8A10022B6AF /* Resources */,
			);
			buildRules = (
			);
			dependencies = (
			);
			name = TrainTrain;
			packageProductDependencies = (
				C1D22DFB28F2B73600BE3368 /* ConfettiSwiftUI */,
			);
			productName = TrainTrain;
			productReference = CF137AB328CDA8A10022B6AF /* TrainTrain.app */;
			productType = "com.apple.product-type.application";
		};
/* End PBXNativeTarget section */

/* Begin PBXProject section */
		CF137AAB28CDA8A10022B6AF /* Project object */ = {
			isa = PBXProject;
			attributes = {
				BuildIndependentTargetsInParallel = 1;
				LastSwiftUpdateCheck = 1400;
				LastUpgradeCheck = 1400;
				TargetAttributes = {
					CF137AB228CDA8A10022B6AF = {
						CreatedOnToolsVersion = 14.0;
					};
				};
			};
			buildConfigurationList = CF137AAE28CDA8A10022B6AF /* Build configuration list for PBXProject "TrainTrain" */;
			compatibilityVersion = "Xcode 14.0";
			developmentRegion = en;
			hasScannedForEncodings = 0;
			knownRegions = (
				en,
				Base,
			);
			mainGroup = CF137AAA28CDA8A10022B6AF;
			packageReferences = (
				C1D22DFA28F2B73600BE3368 /* XCRemoteSwiftPackageReference "ConfettiSwiftUI" */,
			);
			productRefGroup = CF137AB428CDA8A10022B6AF /* Products */;
			projectDirPath = "";
			projectRoot = "";
			targets = (
				CF137AB228CDA8A10022B6AF /* TrainTrain */,
			);
		};
/* End PBXProject section */

/* Begin PBXResourcesBuildPhase section */
		CF137AB128CDA8A10022B6AF /* Resources */ = {
			isa = PBXResourcesBuildPhase;
			buildActionMask = 2147483647;
			files = (
				C1E04BBA28E987E700FAD6D1 /* StationList221023.plist in Resources */,
				CF137ABE28CDA8A20022B6AF /* Preview Assets.xcassets in Resources */,
				CF137ABB28CDA8A20022B6AF /* Assets.xcassets in Resources */,
			);
			runOnlyForDeploymentPostprocessing = 0;
		};
/* End PBXResourcesBuildPhase section */

/* Begin PBXSourcesBuildPhase section */
		CF137AAF28CDA8A10022B6AF /* Sources */ = {
			isa = PBXSourcesBuildPhase;
			buildActionMask = 2147483647;
			files = (
				C18E716828CDB8ED000C9BA5 /* ArrivalInfo.swift in Sources */,
				C1CF27522928B7FB0021B329 /* NewTrainProgressView.swift in Sources */,
				C18E716C28CDC177000C9BA5 /* NetworkManager.swift in Sources */,
				C1D22DF728F2A0A700BE3368 /* ColorCapsuleViewModifier.swift in Sources */,
				C18E716628CDB2C6000C9BA5 /* ErrorMessage.swift in Sources */,
				CF137AB928CDA8A10022B6AF /* ContentView.swift in Sources */,
				CC40B97C28E9736100F784A7 /* ArrivalView.swift in Sources */,
				C18E716328CDAFB9000C9BA5 /* TrainInfo.swift in Sources */,
				CC15FCE12904BE4400A0ECE5 /* Triangle.swift in Sources */,
				C1F91BD428CEF80600FC8DE9 /* SubwayLine.swift in Sources */,
				C18E716E28CDCD57000C9BA5 /* APIError.swift in Sources */,
				CC83436929172782009F411F /* Array+safeExport.swift in Sources */,
				C18E716A28CDBD24000C9BA5 /* TrainType.swift in Sources */,
				CF137AB728CDA8A10022B6AF /* TrainTrainApp.swift in Sources */,
				C1CF27502928B4E20021B329 /* NewArrivalView.swift in Sources */,
				C1E04BBC28E9AEC600FAD6D1 /* StationInfo.swift in Sources */,
				C1E93EBA2903D7B3000284C2 /* HalfCapsule.swift in Sources */,
				C1D22E0028F315D100BE3368 /* SimplifiedArrivalView.swift in Sources */,
				C1D22DF428F29C0B00BE3368 /* String+cleaned.swift in Sources */,
				C1D22DFE28F2CCAC00BE3368 /* Comparable+clamped.swift in Sources */,
				C1D22DF928F2A41600BE3368 /* AskCapsuleViewModifier.swift in Sources */,
				C18E717428CEBCA7000C9BA5 /* SelectionView.swift in Sources */,
				CC37AE0128F2972E009190D0 /* TrainProgressView.swift in Sources */,
				C1724B3029084C2F00A339BA /* ReactiveButton.swift in Sources */,
				C1F91BCF28CEF55700FC8DE9 /* Color+subwayLines.swift in Sources */,
			);
			runOnlyForDeploymentPostprocessing = 0;
		};
/* End PBXSourcesBuildPhase section */

/* Begin XCBuildConfiguration section */
		CF137ABF28CDA8A20022B6AF /* Debug */ = {
			isa = XCBuildConfiguration;
			buildSettings = {
				ALWAYS_SEARCH_USER_PATHS = NO;
				CLANG_ANALYZER_NONNULL = YES;
				CLANG_ANALYZER_NUMBER_OBJECT_CONVERSION = YES_AGGRESSIVE;
				CLANG_CXX_LANGUAGE_STANDARD = "gnu++20";
				CLANG_ENABLE_MODULES = YES;
				CLANG_ENABLE_OBJC_ARC = YES;
				CLANG_ENABLE_OBJC_WEAK = YES;
				CLANG_WARN_BLOCK_CAPTURE_AUTORELEASING = YES;
				CLANG_WARN_BOOL_CONVERSION = YES;
				CLANG_WARN_COMMA = YES;
				CLANG_WARN_CONSTANT_CONVERSION = YES;
				CLANG_WARN_DEPRECATED_OBJC_IMPLEMENTATIONS = YES;
				CLANG_WARN_DIRECT_OBJC_ISA_USAGE = YES_ERROR;
				CLANG_WARN_DOCUMENTATION_COMMENTS = YES;
				CLANG_WARN_EMPTY_BODY = YES;
				CLANG_WARN_ENUM_CONVERSION = YES;
				CLANG_WARN_INFINITE_RECURSION = YES;
				CLANG_WARN_INT_CONVERSION = YES;
				CLANG_WARN_NON_LITERAL_NULL_CONVERSION = YES;
				CLANG_WARN_OBJC_IMPLICIT_RETAIN_SELF = YES;
				CLANG_WARN_OBJC_LITERAL_CONVERSION = YES;
				CLANG_WARN_OBJC_ROOT_CLASS = YES_ERROR;
				CLANG_WARN_QUOTED_INCLUDE_IN_FRAMEWORK_HEADER = YES;
				CLANG_WARN_RANGE_LOOP_ANALYSIS = YES;
				CLANG_WARN_STRICT_PROTOTYPES = YES;
				CLANG_WARN_SUSPICIOUS_MOVE = YES;
				CLANG_WARN_UNGUARDED_AVAILABILITY = YES_AGGRESSIVE;
				CLANG_WARN_UNREACHABLE_CODE = YES;
				CLANG_WARN__DUPLICATE_METHOD_MATCH = YES;
				COPY_PHASE_STRIP = NO;
				DEBUG_INFORMATION_FORMAT = dwarf;
				ENABLE_STRICT_OBJC_MSGSEND = YES;
				ENABLE_TESTABILITY = YES;
				GCC_C_LANGUAGE_STANDARD = gnu11;
				GCC_DYNAMIC_NO_PIC = NO;
				GCC_NO_COMMON_BLOCKS = YES;
				GCC_OPTIMIZATION_LEVEL = 0;
				GCC_PREPROCESSOR_DEFINITIONS = (
					"DEBUG=1",
					"$(inherited)",
				);
				GCC_WARN_64_TO_32_BIT_CONVERSION = YES;
				GCC_WARN_ABOUT_RETURN_TYPE = YES_ERROR;
				GCC_WARN_UNDECLARED_SELECTOR = YES;
				GCC_WARN_UNINITIALIZED_AUTOS = YES_AGGRESSIVE;
				GCC_WARN_UNUSED_FUNCTION = YES;
				GCC_WARN_UNUSED_VARIABLE = YES;
				IPHONEOS_DEPLOYMENT_TARGET = 16.0;
				MTL_ENABLE_DEBUG_INFO = INCLUDE_SOURCE;
				MTL_FAST_MATH = YES;
				ONLY_ACTIVE_ARCH = YES;
				SDKROOT = iphoneos;
				SWIFT_ACTIVE_COMPILATION_CONDITIONS = DEBUG;
				SWIFT_OPTIMIZATION_LEVEL = "-Onone";
			};
			name = Debug;
		};
		CF137AC028CDA8A20022B6AF /* Release */ = {
			isa = XCBuildConfiguration;
			buildSettings = {
				ALWAYS_SEARCH_USER_PATHS = NO;
				CLANG_ANALYZER_NONNULL = YES;
				CLANG_ANALYZER_NUMBER_OBJECT_CONVERSION = YES_AGGRESSIVE;
				CLANG_CXX_LANGUAGE_STANDARD = "gnu++20";
				CLANG_ENABLE_MODULES = YES;
				CLANG_ENABLE_OBJC_ARC = YES;
				CLANG_ENABLE_OBJC_WEAK = YES;
				CLANG_WARN_BLOCK_CAPTURE_AUTORELEASING = YES;
				CLANG_WARN_BOOL_CONVERSION = YES;
				CLANG_WARN_COMMA = YES;
				CLANG_WARN_CONSTANT_CONVERSION = YES;
				CLANG_WARN_DEPRECATED_OBJC_IMPLEMENTATIONS = YES;
				CLANG_WARN_DIRECT_OBJC_ISA_USAGE = YES_ERROR;
				CLANG_WARN_DOCUMENTATION_COMMENTS = YES;
				CLANG_WARN_EMPTY_BODY = YES;
				CLANG_WARN_ENUM_CONVERSION = YES;
				CLANG_WARN_INFINITE_RECURSION = YES;
				CLANG_WARN_INT_CONVERSION = YES;
				CLANG_WARN_NON_LITERAL_NULL_CONVERSION = YES;
				CLANG_WARN_OBJC_IMPLICIT_RETAIN_SELF = YES;
				CLANG_WARN_OBJC_LITERAL_CONVERSION = YES;
				CLANG_WARN_OBJC_ROOT_CLASS = YES_ERROR;
				CLANG_WARN_QUOTED_INCLUDE_IN_FRAMEWORK_HEADER = YES;
				CLANG_WARN_RANGE_LOOP_ANALYSIS = YES;
				CLANG_WARN_STRICT_PROTOTYPES = YES;
				CLANG_WARN_SUSPICIOUS_MOVE = YES;
				CLANG_WARN_UNGUARDED_AVAILABILITY = YES_AGGRESSIVE;
				CLANG_WARN_UNREACHABLE_CODE = YES;
				CLANG_WARN__DUPLICATE_METHOD_MATCH = YES;
				COPY_PHASE_STRIP = NO;
				DEBUG_INFORMATION_FORMAT = "dwarf-with-dsym";
				ENABLE_NS_ASSERTIONS = NO;
				ENABLE_STRICT_OBJC_MSGSEND = YES;
				GCC_C_LANGUAGE_STANDARD = gnu11;
				GCC_NO_COMMON_BLOCKS = YES;
				GCC_WARN_64_TO_32_BIT_CONVERSION = YES;
				GCC_WARN_ABOUT_RETURN_TYPE = YES_ERROR;
				GCC_WARN_UNDECLARED_SELECTOR = YES;
				GCC_WARN_UNINITIALIZED_AUTOS = YES_AGGRESSIVE;
				GCC_WARN_UNUSED_FUNCTION = YES;
				GCC_WARN_UNUSED_VARIABLE = YES;
				IPHONEOS_DEPLOYMENT_TARGET = 16.0;
				MTL_ENABLE_DEBUG_INFO = NO;
				MTL_FAST_MATH = YES;
				SDKROOT = iphoneos;
				SWIFT_COMPILATION_MODE = wholemodule;
				SWIFT_OPTIMIZATION_LEVEL = "-O";
				VALIDATE_PRODUCT = YES;
			};
			name = Release;
		};
		CF137AC228CDA8A20022B6AF /* Debug */ = {
			isa = XCBuildConfiguration;
			buildSettings = {
				ASSETCATALOG_COMPILER_APPICON_NAME = AppIcon;
				ASSETCATALOG_COMPILER_GLOBAL_ACCENT_COLOR_NAME = AccentColor;
				CODE_SIGN_STYLE = Automatic;
				CURRENT_PROJECT_VERSION = 1;
				DEVELOPMENT_ASSET_PATHS = "\"TrainTrain/Preview Content\"";
				DEVELOPMENT_TEAM = GMASX5K78J;
				ENABLE_PREVIEWS = YES;
				GENERATE_INFOPLIST_FILE = YES;
				INFOPLIST_FILE = TrainTrain/Info.plist;
				INFOPLIST_KEY_LSApplicationCategoryType = "public.app-category.utilities";
				INFOPLIST_KEY_UIApplicationSceneManifest_Generation = YES;
				INFOPLIST_KEY_UIApplicationSupportsIndirectInputEvents = YES;
				INFOPLIST_KEY_UILaunchScreen_Generation = YES;
				INFOPLIST_KEY_UISupportedInterfaceOrientations = UIInterfaceOrientationPortrait;
				LD_RUNPATH_SEARCH_PATHS = (
					"$(inherited)",
					"@executable_path/Frameworks",
				);
				MARKETING_VERSION = 1.0;
				PRODUCT_BUNDLE_IDENTIFIER = space.codable.TrainTrain;
				PRODUCT_NAME = "$(TARGET_NAME)";
				SUPPORTED_PLATFORMS = "iphoneos iphonesimulator";
				SUPPORTS_MACCATALYST = NO;
				SUPPORTS_MAC_DESIGNED_FOR_IPHONE_IPAD = NO;
				SWIFT_EMIT_LOC_STRINGS = YES;
				SWIFT_VERSION = 5.0;
				TARGETED_DEVICE_FAMILY = 1;
			};
			name = Debug;
		};
		CF137AC328CDA8A20022B6AF /* Release */ = {
			isa = XCBuildConfiguration;
			buildSettings = {
				ASSETCATALOG_COMPILER_APPICON_NAME = AppIcon;
				ASSETCATALOG_COMPILER_GLOBAL_ACCENT_COLOR_NAME = AccentColor;
				CODE_SIGN_STYLE = Automatic;
				CURRENT_PROJECT_VERSION = 1;
				DEVELOPMENT_ASSET_PATHS = "\"TrainTrain/Preview Content\"";
				DEVELOPMENT_TEAM = GMASX5K78J;
				ENABLE_PREVIEWS = YES;
				GENERATE_INFOPLIST_FILE = YES;
				INFOPLIST_FILE = TrainTrain/Info.plist;
				INFOPLIST_KEY_LSApplicationCategoryType = "public.app-category.utilities";
				INFOPLIST_KEY_UIApplicationSceneManifest_Generation = YES;
				INFOPLIST_KEY_UIApplicationSupportsIndirectInputEvents = YES;
				INFOPLIST_KEY_UILaunchScreen_Generation = YES;
				INFOPLIST_KEY_UISupportedInterfaceOrientations = UIInterfaceOrientationPortrait;
				LD_RUNPATH_SEARCH_PATHS = (
					"$(inherited)",
					"@executable_path/Frameworks",
				);
				MARKETING_VERSION = 1.0;
				PRODUCT_BUNDLE_IDENTIFIER = space.codable.TrainTrain;
				PRODUCT_NAME = "$(TARGET_NAME)";
				SUPPORTED_PLATFORMS = "iphoneos iphonesimulator";
				SUPPORTS_MACCATALYST = NO;
				SUPPORTS_MAC_DESIGNED_FOR_IPHONE_IPAD = NO;
				SWIFT_EMIT_LOC_STRINGS = YES;
				SWIFT_VERSION = 5.0;
				TARGETED_DEVICE_FAMILY = 1;
			};
			name = Release;
		};
/* End XCBuildConfiguration section */

/* Begin XCConfigurationList section */
		CF137AAE28CDA8A10022B6AF /* Build configuration list for PBXProject "TrainTrain" */ = {
			isa = XCConfigurationList;
			buildConfigurations = (
				CF137ABF28CDA8A20022B6AF /* Debug */,
				CF137AC028CDA8A20022B6AF /* Release */,
			);
			defaultConfigurationIsVisible = 0;
			defaultConfigurationName = Release;
		};
		CF137AC128CDA8A20022B6AF /* Build configuration list for PBXNativeTarget "TrainTrain" */ = {
			isa = XCConfigurationList;
			buildConfigurations = (
				CF137AC228CDA8A20022B6AF /* Debug */,
				CF137AC328CDA8A20022B6AF /* Release */,
			);
			defaultConfigurationIsVisible = 0;
			defaultConfigurationName = Release;
		};
/* End XCConfigurationList section */

/* Begin XCRemoteSwiftPackageReference section */
		C1D22DFA28F2B73600BE3368 /* XCRemoteSwiftPackageReference "ConfettiSwiftUI" */ = {
			isa = XCRemoteSwiftPackageReference;
			repositoryURL = "https://github.com/simibac/ConfettiSwiftUI.git";
			requirement = {
				kind = upToNextMajorVersion;
				minimumVersion = 1.0.0;
			};
		};
/* End XCRemoteSwiftPackageReference section */

/* Begin XCSwiftPackageProductDependency section */
		C1D22DFB28F2B73600BE3368 /* ConfettiSwiftUI */ = {
			isa = XCSwiftPackageProductDependency;
			package = C1D22DFA28F2B73600BE3368 /* XCRemoteSwiftPackageReference "ConfettiSwiftUI" */;
			productName = ConfettiSwiftUI;
		};
/* End XCSwiftPackageProductDependency section */
	};
	rootObject = CF137AAB28CDA8A10022B6AF /* Project object */;
}
