// !$*UTF8*$!
{
	archiveVersion = 1;
	classes = {
	};
	objectVersion = 56;
	objects = {

/* Begin PBXBuildFile section */
		AA4869E32986A79900E2CF89 /* Images.xcassets in Resources */ = {isa = PBXBuildFile; fileRef = AA4869E12986A79900E2CF89 /* Images.xcassets */; };
		AA4869E42986A79900E2CF89 /* Colors.xcassets in Resources */ = {isa = PBXBuildFile; fileRef = AA4869E22986A79900E2CF89 /* Colors.xcassets */; };
		AA4869EA2986A7C900E2CF89 /* Color+System.swift in Sources */ = {isa = PBXBuildFile; fileRef = AA4869E92986A7C900E2CF89 /* Color+System.swift */; };
		AA4869ED2986A7DD00E2CF89 /* Assets+Generated.swift in Sources */ = {isa = PBXBuildFile; fileRef = AA4869EC2986A7DD00E2CF89 /* Assets+Generated.swift */; };
		AAEE43DE2986A34700F10709 /* TTDesignSystem.docc in Sources */ = {isa = PBXBuildFile; fileRef = AAEE43D02986A34700F10709 /* TTDesignSystem.docc */; };
		AAEE43DF2986A34700F10709 /* RoundedCorner.swift in Sources */ = {isa = PBXBuildFile; fileRef = AAEE43D32986A34700F10709 /* RoundedCorner.swift */; };
		AAEE43E02986A34700F10709 /* ReactiveButton.swift in Sources */ = {isa = PBXBuildFile; fileRef = AAEE43D42986A34700F10709 /* ReactiveButton.swift */; };
		AAEE43E12986A34700F10709 /* Line.swift in Sources */ = {isa = PBXBuildFile; fileRef = AAEE43D52986A34700F10709 /* Line.swift */; };
		AAEE43E22986A34700F10709 /* HalfCapsule.swift in Sources */ = {isa = PBXBuildFile; fileRef = AAEE43D62986A34700F10709 /* HalfCapsule.swift */; };
		AAEE43E32986A34700F10709 /* ColorCapsuleViewModifier.swift in Sources */ = {isa = PBXBuildFile; fileRef = AAEE43D82986A34700F10709 /* ColorCapsuleViewModifier.swift */; };
		AAEE43E42986A34700F10709 /* BackgroundColorViewModifier.swift in Sources */ = {isa = PBXBuildFile; fileRef = AAEE43D92986A34700F10709 /* BackgroundColorViewModifier.swift */; };
		AAEE43E52986A34700F10709 /* AskCapsuleViewModifier.swift in Sources */ = {isa = PBXBuildFile; fileRef = AAEE43DA2986A34700F10709 /* AskCapsuleViewModifier.swift */; };
		AAEE43E62986A34700F10709 /* Color+Extension.swift in Sources */ = {isa = PBXBuildFile; fileRef = AAEE43DC2986A34700F10709 /* Color+Extension.swift */; };
		AAEE43E72986A34700F10709 /* TTDesignSystem.h in Headers */ = {isa = PBXBuildFile; fileRef = AAEE43DD2986A34700F10709 /* TTDesignSystem.h */; };
		AAEE43EC2986A36700F10709 /* SharedModels.framework in Frameworks */ = {isa = PBXBuildFile; fileRef = AAEE43EB2986A36700F10709 /* SharedModels.framework */; };
		AAEE43ED2986A36700F10709 /* SharedModels.framework in Embed Frameworks */ = {isa = PBXBuildFile; fileRef = AAEE43EB2986A36700F10709 /* SharedModels.framework */; settings = {ATTRIBUTES = (CodeSignOnCopy, RemoveHeadersOnCopy, ); }; };
/* End PBXBuildFile section */

/* Begin PBXCopyFilesBuildPhase section */
		AAEE43EE2986A36700F10709 /* Embed Frameworks */ = {
			isa = PBXCopyFilesBuildPhase;
			buildActionMask = 2147483647;
			dstPath = "";
			dstSubfolderSpec = 10;
			files = (
				AAEE43ED2986A36700F10709 /* SharedModels.framework in Embed Frameworks */,
			);
			name = "Embed Frameworks";
			runOnlyForDeploymentPostprocessing = 0;
		};
/* End PBXCopyFilesBuildPhase section */

/* Begin PBXFileReference section */
		AA4869E12986A79900E2CF89 /* Images.xcassets */ = {isa = PBXFileReference; lastKnownFileType = folder.assetcatalog; path = Images.xcassets; sourceTree = "<group>"; };
		AA4869E22986A79900E2CF89 /* Colors.xcassets */ = {isa = PBXFileReference; lastKnownFileType = folder.assetcatalog; path = Colors.xcassets; sourceTree = "<group>"; };
		AA4869E62986A7AC00E2CF89 /* SwiftGen.sh */ = {isa = PBXFileReference; lastKnownFileType = text.script.sh; path = SwiftGen.sh; sourceTree = "<group>"; };
		AA4869E72986A7BC00E2CF89 /* Assets.stencil */ = {isa = PBXFileReference; fileEncoding = 4; lastKnownFileType = text; path = Assets.stencil; sourceTree = "<group>"; };
		AA4869E92986A7C900E2CF89 /* Color+System.swift */ = {isa = PBXFileReference; fileEncoding = 4; lastKnownFileType = sourcecode.swift; path = "Color+System.swift"; sourceTree = "<group>"; };
		AA4869EC2986A7DD00E2CF89 /* Assets+Generated.swift */ = {isa = PBXFileReference; fileEncoding = 4; lastKnownFileType = sourcecode.swift; path = "Assets+Generated.swift"; sourceTree = "<group>"; };
		AAEE43C52986A2FE00F10709 /* TTDesignSystem.framework */ = {isa = PBXFileReference; explicitFileType = wrapper.framework; includeInIndex = 0; path = TTDesignSystem.framework; sourceTree = BUILT_PRODUCTS_DIR; };
		AAEE43D02986A34700F10709 /* TTDesignSystem.docc */ = {isa = PBXFileReference; lastKnownFileType = folder.documentationcatalog; path = TTDesignSystem.docc; sourceTree = "<group>"; };
		AAEE43D32986A34700F10709 /* RoundedCorner.swift */ = {isa = PBXFileReference; fileEncoding = 4; lastKnownFileType = sourcecode.swift; path = RoundedCorner.swift; sourceTree = "<group>"; };
		AAEE43D42986A34700F10709 /* ReactiveButton.swift */ = {isa = PBXFileReference; fileEncoding = 4; lastKnownFileType = sourcecode.swift; path = ReactiveButton.swift; sourceTree = "<group>"; };
		AAEE43D52986A34700F10709 /* Line.swift */ = {isa = PBXFileReference; fileEncoding = 4; lastKnownFileType = sourcecode.swift; path = Line.swift; sourceTree = "<group>"; };
		AAEE43D62986A34700F10709 /* HalfCapsule.swift */ = {isa = PBXFileReference; fileEncoding = 4; lastKnownFileType = sourcecode.swift; path = HalfCapsule.swift; sourceTree = "<group>"; };
		AAEE43D82986A34700F10709 /* ColorCapsuleViewModifier.swift */ = {isa = PBXFileReference; fileEncoding = 4; lastKnownFileType = sourcecode.swift; path = ColorCapsuleViewModifier.swift; sourceTree = "<group>"; };
		AAEE43D92986A34700F10709 /* BackgroundColorViewModifier.swift */ = {isa = PBXFileReference; fileEncoding = 4; lastKnownFileType = sourcecode.swift; path = BackgroundColorViewModifier.swift; sourceTree = "<group>"; };
		AAEE43DA2986A34700F10709 /* AskCapsuleViewModifier.swift */ = {isa = PBXFileReference; fileEncoding = 4; lastKnownFileType = sourcecode.swift; path = AskCapsuleViewModifier.swift; sourceTree = "<group>"; };
		AAEE43DC2986A34700F10709 /* Color+Extension.swift */ = {isa = PBXFileReference; fileEncoding = 4; lastKnownFileType = sourcecode.swift; path = "Color+Extension.swift"; sourceTree = "<group>"; };
		AAEE43DD2986A34700F10709 /* TTDesignSystem.h */ = {isa = PBXFileReference; fileEncoding = 4; lastKnownFileType = sourcecode.c.h; path = TTDesignSystem.h; sourceTree = "<group>"; };
		AAEE43E92986A36100F10709 /* libTTResourcePackage.a */ = {isa = PBXFileReference; explicitFileType = archive.ar; path = libTTResourcePackage.a; sourceTree = BUILT_PRODUCTS_DIR; };
		AAEE43EB2986A36700F10709 /* SharedModels.framework */ = {isa = PBXFileReference; explicitFileType = wrapper.framework; path = SharedModels.framework; sourceTree = BUILT_PRODUCTS_DIR; };
/* End PBXFileReference section */

/* Begin PBXFrameworksBuildPhase section */
		AAEE43C22986A2FE00F10709 /* Frameworks */ = {
			isa = PBXFrameworksBuildPhase;
			buildActionMask = 2147483647;
			files = (
				AAEE43EC2986A36700F10709 /* SharedModels.framework in Frameworks */,
			);
			runOnlyForDeploymentPostprocessing = 0;
		};
/* End PBXFrameworksBuildPhase section */

/* Begin PBXGroup section */
		AA4869E52986A7AC00E2CF89 /* Scripts */ = {
			isa = PBXGroup;
			children = (
				AA4869E62986A7AC00E2CF89 /* SwiftGen.sh */,
			);
			path = Scripts;
			sourceTree = "<group>";
		};
		AA4869E82986A7BC00E2CF89 /* Templates */ = {
			isa = PBXGroup;
			children = (
				AA4869E72986A7BC00E2CF89 /* Assets.stencil */,
			);
			path = Templates;
			sourceTree = "<group>";
		};
		AA4869EB2986A7D300E2CF89 /* Generated */ = {
			isa = PBXGroup;
			children = (
				AA4869EC2986A7DD00E2CF89 /* Assets+Generated.swift */,
			);
			path = Generated;
			sourceTree = "<group>";
		};
		AAEE43BB2986A2FE00F10709 = {
			isa = PBXGroup;
			children = (
				AAEE43CF2986A34700F10709 /* Resources */,
				AAEE43D12986A34700F10709 /* Sources */,
				AAEE43C62986A2FE00F10709 /* Products */,
				AAEE43E82986A36100F10709 /* Frameworks */,
			);
			sourceTree = "<group>";
		};
		AAEE43C62986A2FE00F10709 /* Products */ = {
			isa = PBXGroup;
			children = (
				AAEE43C52986A2FE00F10709 /* TTDesignSystem.framework */,
			);
			name = Products;
			sourceTree = "<group>";
		};
		AAEE43CF2986A34700F10709 /* Resources */ = {
			isa = PBXGroup;
			children = (
				AA4869E52986A7AC00E2CF89 /* Scripts */,
				AA4869E82986A7BC00E2CF89 /* Templates */,
				AA4869E22986A79900E2CF89 /* Colors.xcassets */,
				AA4869E12986A79900E2CF89 /* Images.xcassets */,
				AAEE43D02986A34700F10709 /* TTDesignSystem.docc */,
			);
			path = Resources;
			sourceTree = "<group>";
		};
		AAEE43D12986A34700F10709 /* Sources */ = {
			isa = PBXGroup;
			children = (
				AA4869EB2986A7D300E2CF89 /* Generated */,
				AAEE43D22986A34700F10709 /* Shape */,
				AAEE43D72986A34700F10709 /* ViewModifier */,
				AAEE43DB2986A34700F10709 /* Color */,
				AAEE43DD2986A34700F10709 /* TTDesignSystem.h */,
			);
			path = Sources;
			sourceTree = "<group>";
		};
		AAEE43D22986A34700F10709 /* Shape */ = {
			isa = PBXGroup;
			children = (
				AAEE43D32986A34700F10709 /* RoundedCorner.swift */,
				AAEE43D42986A34700F10709 /* ReactiveButton.swift */,
				AAEE43D52986A34700F10709 /* Line.swift */,
				AAEE43D62986A34700F10709 /* HalfCapsule.swift */,
			);
			path = Shape;
			sourceTree = "<group>";
		};
		AAEE43D72986A34700F10709 /* ViewModifier */ = {
			isa = PBXGroup;
			children = (
				AAEE43D82986A34700F10709 /* ColorCapsuleViewModifier.swift */,
				AAEE43D92986A34700F10709 /* BackgroundColorViewModifier.swift */,
				AAEE43DA2986A34700F10709 /* AskCapsuleViewModifier.swift */,
			);
			path = ViewModifier;
			sourceTree = "<group>";
		};
		AAEE43DB2986A34700F10709 /* Color */ = {
			isa = PBXGroup;
			children = (
				AA4869E92986A7C900E2CF89 /* Color+System.swift */,
				AAEE43DC2986A34700F10709 /* Color+Extension.swift */,
			);
			path = Color;
			sourceTree = "<group>";
		};
		AAEE43E82986A36100F10709 /* Frameworks */ = {
			isa = PBXGroup;
			children = (
				AAEE43EB2986A36700F10709 /* SharedModels.framework */,
				AAEE43E92986A36100F10709 /* libTTResourcePackage.a */,
			);
			name = Frameworks;
			sourceTree = "<group>";
		};
/* End PBXGroup section */

/* Begin PBXHeadersBuildPhase section */
		AAEE43C02986A2FE00F10709 /* Headers */ = {
			isa = PBXHeadersBuildPhase;
			buildActionMask = 2147483647;
			files = (
				AAEE43E72986A34700F10709 /* TTDesignSystem.h in Headers */,
			);
			runOnlyForDeploymentPostprocessing = 0;
		};
/* End PBXHeadersBuildPhase section */

/* Begin PBXNativeTarget section */
		AAEE43C42986A2FE00F10709 /* TTDesignSystem */ = {
			isa = PBXNativeTarget;
			buildConfigurationList = AAEE43CC2986A2FE00F10709 /* Build configuration list for PBXNativeTarget "TTDesignSystem" */;
			buildPhases = (
				AA4869EE2986A81000E2CF89 /* SwiftGen */,
				AAEE43C02986A2FE00F10709 /* Headers */,
				AAEE43C12986A2FE00F10709 /* Sources */,
				AAEE43C22986A2FE00F10709 /* Frameworks */,
				AAEE43C32986A2FE00F10709 /* Resources */,
				AAEE43EE2986A36700F10709 /* Embed Frameworks */,
			);
			buildRules = (
			);
			dependencies = (
			);
			name = TTDesignSystem;
			productName = TTDesignSystem;
			productReference = AAEE43C52986A2FE00F10709 /* TTDesignSystem.framework */;
			productType = "com.apple.product-type.framework";
		};
/* End PBXNativeTarget section */

/* Begin PBXProject section */
		AAEE43BC2986A2FE00F10709 /* Project object */ = {
			isa = PBXProject;
			attributes = {
				BuildIndependentTargetsInParallel = 1;
				LastUpgradeCheck = 1410;
				TargetAttributes = {
					AAEE43C42986A2FE00F10709 = {
						CreatedOnToolsVersion = 14.1;
					};
				};
			};
			buildConfigurationList = AAEE43BF2986A2FE00F10709 /* Build configuration list for PBXProject "TTDesignSystem" */;
			compatibilityVersion = "Xcode 14.0";
			developmentRegion = en;
			hasScannedForEncodings = 0;
			knownRegions = (
				en,
				Base,
			);
			mainGroup = AAEE43BB2986A2FE00F10709;
			productRefGroup = AAEE43C62986A2FE00F10709 /* Products */;
			projectDirPath = "";
			projectRoot = "";
			targets = (
				AAEE43C42986A2FE00F10709 /* TTDesignSystem */,
			);
		};
/* End PBXProject section */

/* Begin PBXResourcesBuildPhase section */
		AAEE43C32986A2FE00F10709 /* Resources */ = {
			isa = PBXResourcesBuildPhase;
			buildActionMask = 2147483647;
			files = (
				AA4869E32986A79900E2CF89 /* Images.xcassets in Resources */,
				AA4869E42986A79900E2CF89 /* Colors.xcassets in Resources */,
			);
			runOnlyForDeploymentPostprocessing = 0;
		};
/* End PBXResourcesBuildPhase section */

/* Begin PBXShellScriptBuildPhase section */
		AA4869EE2986A81000E2CF89 /* SwiftGen */ = {
			isa = PBXShellScriptBuildPhase;
			alwaysOutOfDate = 1;
			buildActionMask = 2147483647;
			files = (
			);
			inputFileListPaths = (
			);
			inputPaths = (
			);
			name = SwiftGen;
			outputFileListPaths = (
			);
			outputPaths = (
			);
			runOnlyForDeploymentPostprocessing = 0;
			shellPath = /bin/sh;
			shellScript = "if test -d \"/opt/homebrew/bin/\"; then\n  PATH=\"/opt/homebrew/bin/:${PATH}\"\nfi\n\nexport PATH\n\nif which swiftgen >/dev/null; then\n  \"$SRCROOT/Resources/Scripts/SwiftGen.sh\"\nelse\n  echo \"warning: SwiftGen is not installed.\"\nfi\n";
		};
/* End PBXShellScriptBuildPhase section */

/* Begin PBXSourcesBuildPhase section */
		AAEE43C12986A2FE00F10709 /* Sources */ = {
			isa = PBXSourcesBuildPhase;
			buildActionMask = 2147483647;
			files = (
				AAEE43DF2986A34700F10709 /* RoundedCorner.swift in Sources */,
				AAEE43E62986A34700F10709 /* Color+Extension.swift in Sources */,
				AAEE43E12986A34700F10709 /* Line.swift in Sources */,
				AA4869ED2986A7DD00E2CF89 /* Assets+Generated.swift in Sources */,
				AAEE43E02986A34700F10709 /* ReactiveButton.swift in Sources */,
				AAEE43DE2986A34700F10709 /* TTDesignSystem.docc in Sources */,
				AAEE43E22986A34700F10709 /* HalfCapsule.swift in Sources */,
				AAEE43E52986A34700F10709 /* AskCapsuleViewModifier.swift in Sources */,
				AAEE43E42986A34700F10709 /* BackgroundColorViewModifier.swift in Sources */,
				AA4869EA2986A7C900E2CF89 /* Color+System.swift in Sources */,
				AAEE43E32986A34700F10709 /* ColorCapsuleViewModifier.swift in Sources */,
			);
			runOnlyForDeploymentPostprocessing = 0;
		};
/* End PBXSourcesBuildPhase section */

/* Begin XCBuildConfiguration section */
		AAEE43CA2986A2FE00F10709 /* Debug */ = {
			isa = XCBuildConfiguration;
			buildSettings = {
				ALWAYS_SEARCH_USER_PATHS = NO;
				APPLICATION_EXTENSION_API_ONLY = YES;
				CLANG_ANALYZER_NONNULL = YES;
				CLANG_ANALYZER_NUMBER_OBJECT_CONVERSION = YES_AGGRESSIVE;
				CLANG_CXX_LANGUAGE_STANDARD = "gnu++20";
				CLANG_ENABLE_MODULES = YES;
				CLANG_ENABLE_OBJC_ARC = YES;
				CLANG_ENABLE_OBJC_WEAK = YES;
				CLANG_WARN_BLOCK_CAPTURE_AUTORELEASING = YES;
				CLANG_WARN_BOOL_CONVERSION = YES;
				CLANG_WARN_COMMA = YES;
				CLANG_WARN_CONSTANT_CONVERSION = YES;
				CLANG_WARN_DEPRECATED_OBJC_IMPLEMENTATIONS = YES;
				CLANG_WARN_DIRECT_OBJC_ISA_USAGE = YES_ERROR;
				CLANG_WARN_DOCUMENTATION_COMMENTS = YES;
				CLANG_WARN_EMPTY_BODY = YES;
				CLANG_WARN_ENUM_CONVERSION = YES;
				CLANG_WARN_INFINITE_RECURSION = YES;
				CLANG_WARN_INT_CONVERSION = YES;
				CLANG_WARN_NON_LITERAL_NULL_CONVERSION = YES;
				CLANG_WARN_OBJC_IMPLICIT_RETAIN_SELF = YES;
				CLANG_WARN_OBJC_LITERAL_CONVERSION = YES;
				CLANG_WARN_OBJC_ROOT_CLASS = YES_ERROR;
				CLANG_WARN_QUOTED_INCLUDE_IN_FRAMEWORK_HEADER = YES;
				CLANG_WARN_RANGE_LOOP_ANALYSIS = YES;
				CLANG_WARN_STRICT_PROTOTYPES = YES;
				CLANG_WARN_SUSPICIOUS_MOVE = YES;
				CLANG_WARN_UNGUARDED_AVAILABILITY = YES_AGGRESSIVE;
				CLANG_WARN_UNREACHABLE_CODE = YES;
				CLANG_WARN__DUPLICATE_METHOD_MATCH = YES;
				COPY_PHASE_STRIP = NO;
				CURRENT_PROJECT_VERSION = 1;
				DEBUG_INFORMATION_FORMAT = dwarf;
				ENABLE_STRICT_OBJC_MSGSEND = YES;
				ENABLE_TESTABILITY = YES;
				GCC_C_LANGUAGE_STANDARD = gnu11;
				GCC_DYNAMIC_NO_PIC = NO;
				GCC_NO_COMMON_BLOCKS = YES;
				GCC_OPTIMIZATION_LEVEL = 0;
				GCC_PREPROCESSOR_DEFINITIONS = (
					"DEBUG=1",
					"$(inherited)",
				);
				GCC_WARN_64_TO_32_BIT_CONVERSION = YES;
				GCC_WARN_ABOUT_RETURN_TYPE = YES_ERROR;
				GCC_WARN_UNDECLARED_SELECTOR = YES;
				GCC_WARN_UNINITIALIZED_AUTOS = YES_AGGRESSIVE;
				GCC_WARN_UNUSED_FUNCTION = YES;
				GCC_WARN_UNUSED_VARIABLE = YES;
				IPHONEOS_DEPLOYMENT_TARGET = 16.1;
				MTL_ENABLE_DEBUG_INFO = INCLUDE_SOURCE;
				MTL_FAST_MATH = YES;
				ONLY_ACTIVE_ARCH = YES;
				SDKROOT = iphoneos;
				SWIFT_ACTIVE_COMPILATION_CONDITIONS = DEBUG;
				SWIFT_OPTIMIZATION_LEVEL = "-Onone";
				VERSIONING_SYSTEM = "apple-generic";
				VERSION_INFO_PREFIX = "";
			};
			name = Debug;
		};
		AAEE43CB2986A2FE00F10709 /* Release */ = {
			isa = XCBuildConfiguration;
			buildSettings = {
				ALWAYS_SEARCH_USER_PATHS = NO;
				APPLICATION_EXTENSION_API_ONLY = YES;
				CLANG_ANALYZER_NONNULL = YES;
				CLANG_ANALYZER_NUMBER_OBJECT_CONVERSION = YES_AGGRESSIVE;
				CLANG_CXX_LANGUAGE_STANDARD = "gnu++20";
				CLANG_ENABLE_MODULES = YES;
				CLANG_ENABLE_OBJC_ARC = YES;
				CLANG_ENABLE_OBJC_WEAK = YES;
				CLANG_WARN_BLOCK_CAPTURE_AUTORELEASING = YES;
				CLANG_WARN_BOOL_CONVERSION = YES;
				CLANG_WARN_COMMA = YES;
				CLANG_WARN_CONSTANT_CONVERSION = YES;
				CLANG_WARN_DEPRECATED_OBJC_IMPLEMENTATIONS = YES;
				CLANG_WARN_DIRECT_OBJC_ISA_USAGE = YES_ERROR;
				CLANG_WARN_DOCUMENTATION_COMMENTS = YES;
				CLANG_WARN_EMPTY_BODY = YES;
				CLANG_WARN_ENUM_CONVERSION = YES;
				CLANG_WARN_INFINITE_RECURSION = YES;
				CLANG_WARN_INT_CONVERSION = YES;
				CLANG_WARN_NON_LITERAL_NULL_CONVERSION = YES;
				CLANG_WARN_OBJC_IMPLICIT_RETAIN_SELF = YES;
				CLANG_WARN_OBJC_LITERAL_CONVERSION = YES;
				CLANG_WARN_OBJC_ROOT_CLASS = YES_ERROR;
				CLANG_WARN_QUOTED_INCLUDE_IN_FRAMEWORK_HEADER = YES;
				CLANG_WARN_RANGE_LOOP_ANALYSIS = YES;
				CLANG_WARN_STRICT_PROTOTYPES = YES;
				CLANG_WARN_SUSPICIOUS_MOVE = YES;
				CLANG_WARN_UNGUARDED_AVAILABILITY = YES_AGGRESSIVE;
				CLANG_WARN_UNREACHABLE_CODE = YES;
				CLANG_WARN__DUPLICATE_METHOD_MATCH = YES;
				COPY_PHASE_STRIP = NO;
				CURRENT_PROJECT_VERSION = 1;
				DEBUG_INFORMATION_FORMAT = "dwarf-with-dsym";
				ENABLE_NS_ASSERTIONS = NO;
				ENABLE_STRICT_OBJC_MSGSEND = YES;
				GCC_C_LANGUAGE_STANDARD = gnu11;
				GCC_NO_COMMON_BLOCKS = YES;
				GCC_WARN_64_TO_32_BIT_CONVERSION = YES;
				GCC_WARN_ABOUT_RETURN_TYPE = YES_ERROR;
				GCC_WARN_UNDECLARED_SELECTOR = YES;
				GCC_WARN_UNINITIALIZED_AUTOS = YES_AGGRESSIVE;
				GCC_WARN_UNUSED_FUNCTION = YES;
				GCC_WARN_UNUSED_VARIABLE = YES;
				IPHONEOS_DEPLOYMENT_TARGET = 16.1;
				MTL_ENABLE_DEBUG_INFO = NO;
				MTL_FAST_MATH = YES;
				SDKROOT = iphoneos;
				SWIFT_COMPILATION_MODE = wholemodule;
				SWIFT_OPTIMIZATION_LEVEL = "-O";
				VALIDATE_PRODUCT = YES;
				VERSIONING_SYSTEM = "apple-generic";
				VERSION_INFO_PREFIX = "";
			};
			name = Release;
		};
		AAEE43CD2986A2FE00F10709 /* Debug */ = {
			isa = XCBuildConfiguration;
			buildSettings = {
				APPLICATION_EXTENSION_API_ONLY = YES;
				CODE_SIGN_STYLE = Manual;
				CURRENT_PROJECT_VERSION = 1;
				DEFINES_MODULE = YES;
				DEVELOPMENT_TEAM = "";
				DYLIB_COMPATIBILITY_VERSION = 1;
				DYLIB_CURRENT_VERSION = 1;
				DYLIB_INSTALL_NAME_BASE = "@rpath";
				GENERATE_INFOPLIST_FILE = YES;
				INFOPLIST_KEY_NSHumanReadableCopyright = "";
				INSTALL_PATH = "$(LOCAL_LIBRARY_DIR)/Frameworks";
				IPHONEOS_DEPLOYMENT_TARGET = 15.0;
				LD_RUNPATH_SEARCH_PATHS = (
					"$(inherited)",
					"@executable_path/Frameworks",
					"@loader_path/Frameworks",
				);
				MARKETING_VERSION = 1.0;
				PRODUCT_BUNDLE_IDENTIFIER = space.codable.TTDesignSystem;
				PRODUCT_NAME = "$(TARGET_NAME:c99extidentifier)";
				PROVISIONING_PROFILE_SPECIFIER = "";
				SKIP_INSTALL = YES;
				SWIFT_EMIT_LOC_STRINGS = YES;
				SWIFT_VERSION = 5.0;
				TARGETED_DEVICE_FAMILY = "1,2";
			};
			name = Debug;
		};
		AAEE43CE2986A2FE00F10709 /* Release */ = {
			isa = XCBuildConfiguration;
			buildSettings = {
				APPLICATION_EXTENSION_API_ONLY = YES;
				CODE_SIGN_STYLE = Manual;
				CURRENT_PROJECT_VERSION = 1;
				DEFINES_MODULE = YES;
				DEVELOPMENT_TEAM = "";
				DYLIB_COMPATIBILITY_VERSION = 1;
				DYLIB_CURRENT_VERSION = 1;
				DYLIB_INSTALL_NAME_BASE = "@rpath";
				GENERATE_INFOPLIST_FILE = YES;
				INFOPLIST_KEY_NSHumanReadableCopyright = "";
				INSTALL_PATH = "$(LOCAL_LIBRARY_DIR)/Frameworks";
				IPHONEOS_DEPLOYMENT_TARGET = 15.0;
				LD_RUNPATH_SEARCH_PATHS = (
					"$(inherited)",
					"@executable_path/Frameworks",
					"@loader_path/Frameworks",
				);
				MARKETING_VERSION = 1.0;
				PRODUCT_BUNDLE_IDENTIFIER = space.codable.TTDesignSystem;
				PRODUCT_NAME = "$(TARGET_NAME:c99extidentifier)";
				PROVISIONING_PROFILE_SPECIFIER = "";
				SKIP_INSTALL = YES;
				SWIFT_EMIT_LOC_STRINGS = YES;
				SWIFT_VERSION = 5.0;
				TARGETED_DEVICE_FAMILY = "1,2";
			};
			name = Release;
		};
/* End XCBuildConfiguration section */

/* Begin XCConfigurationList section */
		AAEE43BF2986A2FE00F10709 /* Build configuration list for PBXProject "TTDesignSystem" */ = {
			isa = XCConfigurationList;
			buildConfigurations = (
				AAEE43CA2986A2FE00F10709 /* Debug */,
				AAEE43CB2986A2FE00F10709 /* Release */,
			);
			defaultConfigurationIsVisible = 0;
			defaultConfigurationName = Release;
		};
		AAEE43CC2986A2FE00F10709 /* Build configuration list for PBXNativeTarget "TTDesignSystem" */ = {
			isa = XCConfigurationList;
			buildConfigurations = (
				AAEE43CD2986A2FE00F10709 /* Debug */,
				AAEE43CE2986A2FE00F10709 /* Release */,
			);
			defaultConfigurationIsVisible = 0;
			defaultConfigurationName = Release;
		};
/* End XCConfigurationList section */
	};
	rootObject = AAEE43BC2986A2FE00F10709 /* Project object */;
}
