// !$*UTF8*$!
{
	archiveVersion = 1;
	classes = {
	};
	objectVersion = 56;
	objects = {

/* Begin PBXBuildFile section */
		AA0707FE29866E77004A3C43 /* Assets.xcassets in Resources */ = {isa = PBXBuildFile; fileRef = AA0707FD29866E77004A3C43 /* Assets.xcassets */; };
		AA2CDDD5298E37E9007CAEE0 /* StationInfoClient.framework in Frameworks */ = {isa = PBXBuildFile; fileRef = AA486B202986B06B00E2CF89 /* StationInfoClient.framework */; };
		AA2CDDD6298E37E9007CAEE0 /* StationInfoClient.framework in Embed Frameworks */ = {isa = PBXBuildFile; fileRef = AA486B202986B06B00E2CF89 /* StationInfoClient.framework */; settings = {ATTRIBUTES = (CodeSignOnCopy, RemoveHeadersOnCopy, ); }; };
		AA2CDDD7298E37ED007CAEE0 /* SubwayInfoClient.framework in Frameworks */ = {isa = PBXBuildFile; fileRef = AA2CDDD2298E3799007CAEE0 /* SubwayInfoClient.framework */; };
		AA2CDDD8298E37ED007CAEE0 /* SubwayInfoClient.framework in Embed Frameworks */ = {isa = PBXBuildFile; fileRef = AA2CDDD2298E3799007CAEE0 /* SubwayInfoClient.framework */; settings = {ATTRIBUTES = (CodeSignOnCopy, RemoveHeadersOnCopy, ); }; };
		AA2CDDDA298E386B007CAEE0 /* TTFoundation.framework in Frameworks */ = {isa = PBXBuildFile; fileRef = AA2CDDD9298E386B007CAEE0 /* TTFoundation.framework */; };
		AA2CDDDB298E386B007CAEE0 /* TTFoundation.framework in Embed Frameworks */ = {isa = PBXBuildFile; fileRef = AA2CDDD9298E386B007CAEE0 /* TTFoundation.framework */; settings = {ATTRIBUTES = (CodeSignOnCopy, RemoveHeadersOnCopy, ); }; };
		AA2CDDDC298E3885007CAEE0 /* WidgetHelper.framework in Frameworks */ = {isa = PBXBuildFile; fileRef = AA486BA52986B84200E2CF89 /* WidgetHelper.framework */; };
		AA2CDDDD298E3885007CAEE0 /* WidgetHelper.framework in Embed Frameworks */ = {isa = PBXBuildFile; fileRef = AA486BA52986B84200E2CF89 /* WidgetHelper.framework */; settings = {ATTRIBUTES = (CodeSignOnCopy, RemoveHeadersOnCopy, ); }; };
		AA486A212986A97600E2CF89 /* APIClient.framework in Frameworks */ = {isa = PBXBuildFile; fileRef = AA486A202986A97600E2CF89 /* APIClient.framework */; };
		AA486A222986A97600E2CF89 /* APIClient.framework in Embed Frameworks */ = {isa = PBXBuildFile; fileRef = AA486A202986A97600E2CF89 /* APIClient.framework */; settings = {ATTRIBUTES = (CodeSignOnCopy, RemoveHeadersOnCopy, ); }; };
		AA486B262986B15100E2CF89 /* Arrival.framework in Frameworks */ = {isa = PBXBuildFile; fileRef = AA486B252986B15100E2CF89 /* Arrival.framework */; };
		AA486B272986B15100E2CF89 /* Arrival.framework in Embed Frameworks */ = {isa = PBXBuildFile; fileRef = AA486B252986B15100E2CF89 /* Arrival.framework */; settings = {ATTRIBUTES = (CodeSignOnCopy, RemoveHeadersOnCopy, ); }; };
		AA486BA62986B84200E2CF89 /* WidgetHelper.framework in Frameworks */ = {isa = PBXBuildFile; fileRef = AA486BA52986B84200E2CF89 /* WidgetHelper.framework */; };
		AA486BA72986B84200E2CF89 /* WidgetHelper.framework in Embed Frameworks */ = {isa = PBXBuildFile; fileRef = AA486BA52986B84200E2CF89 /* WidgetHelper.framework */; settings = {ATTRIBUTES = (CodeSignOnCopy, RemoveHeadersOnCopy, ); }; };
		AA486BA92986B8A700E2CF89 /* TrainTrainWidgetBundle.swift in Sources */ = {isa = PBXBuildFile; fileRef = AA486BA82986B8A700E2CF89 /* TrainTrainWidgetBundle.swift */; };
		AA486BD52986BA1700E2CF89 /* Selection.framework in Frameworks */ = {isa = PBXBuildFile; fileRef = AA486BD42986BA1700E2CF89 /* Selection.framework */; };
		AA486BD62986BA1700E2CF89 /* Selection.framework in Embed Frameworks */ = {isa = PBXBuildFile; fileRef = AA486BD42986BA1700E2CF89 /* Selection.framework */; settings = {ATTRIBUTES = (CodeSignOnCopy, RemoveHeadersOnCopy, ); }; };
		AABFAE2729606F8D000DEE4C /* TrainTrainTests.swift in Sources */ = {isa = PBXBuildFile; fileRef = AABFAE2629606F8D000DEE4C /* TrainTrainTests.swift */; };
		AAEE43F12986A3A900F10709 /* SharedModels.framework in Frameworks */ = {isa = PBXBuildFile; fileRef = AAEE43EF2986A3A900F10709 /* SharedModels.framework */; };
		AAEE43F22986A3A900F10709 /* SharedModels.framework in Embed Frameworks */ = {isa = PBXBuildFile; fileRef = AAEE43EF2986A3A900F10709 /* SharedModels.framework */; settings = {ATTRIBUTES = (CodeSignOnCopy, RemoveHeadersOnCopy, ); }; };
		AAEE43F32986A3A900F10709 /* TTDesignSystem.framework in Frameworks */ = {isa = PBXBuildFile; fileRef = AAEE43F02986A3A900F10709 /* TTDesignSystem.framework */; };
		AAEE43F42986A3A900F10709 /* TTDesignSystem.framework in Embed Frameworks */ = {isa = PBXBuildFile; fileRef = AAEE43F02986A3A900F10709 /* TTDesignSystem.framework */; settings = {ATTRIBUTES = (CodeSignOnCopy, RemoveHeadersOnCopy, ); }; };
		AAEE43F62986A54300F10709 /* TTDesignSystem.framework in Frameworks */ = {isa = PBXBuildFile; fileRef = AAEE43F52986A54300F10709 /* TTDesignSystem.framework */; };
		AAEE43F72986A54300F10709 /* TTDesignSystem.framework in Embed Frameworks */ = {isa = PBXBuildFile; fileRef = AAEE43F52986A54300F10709 /* TTDesignSystem.framework */; settings = {ATTRIBUTES = (CodeSignOnCopy, RemoveHeadersOnCopy, ); }; };
		CC4236CD297D51E7000BC7B4 /* WidgetKit.framework in Frameworks */ = {isa = PBXBuildFile; fileRef = CC4236CC297D51E7000BC7B4 /* WidgetKit.framework */; };
		CC4236CF297D51E7000BC7B4 /* SwiftUI.framework in Frameworks */ = {isa = PBXBuildFile; fileRef = CC4236CE297D51E7000BC7B4 /* SwiftUI.framework */; };
		CC4236DD297D51E8000BC7B4 /* TrainTrainWidgetExtension.appex in Embed Foundation Extensions */ = {isa = PBXBuildFile; fileRef = CC4236CA297D51E7000BC7B4 /* TrainTrainWidgetExtension.appex */; settings = {ATTRIBUTES = (RemoveHeadersOnCopy, ); }; };
		CF137AB728CDA8A10022B6AF /* TrainTrainApp.swift in Sources */ = {isa = PBXBuildFile; fileRef = CF137AB628CDA8A10022B6AF /* TrainTrainApp.swift */; };
		CF137AB928CDA8A10022B6AF /* ContentView.swift in Sources */ = {isa = PBXBuildFile; fileRef = CF137AB828CDA8A10022B6AF /* ContentView.swift */; };
		CF137ABE28CDA8A20022B6AF /* Preview Assets.xcassets in Resources */ = {isa = PBXBuildFile; fileRef = CF137ABD28CDA8A20022B6AF /* Preview Assets.xcassets */; };
/* End PBXBuildFile section */

/* Begin PBXContainerItemProxy section */
		AABFAE2829606F8D000DEE4C /* PBXContainerItemProxy */ = {
			isa = PBXContainerItemProxy;
			containerPortal = CF137AAB28CDA8A10022B6AF /* Project object */;
			proxyType = 1;
			remoteGlobalIDString = CF137AB228CDA8A10022B6AF;
			remoteInfo = TrainTrain;
		};
		CC4236DA297D51E8000BC7B4 /* PBXContainerItemProxy */ = {
			isa = PBXContainerItemProxy;
			containerPortal = CF137AAB28CDA8A10022B6AF /* Project object */;
			proxyType = 1;
			remoteGlobalIDString = CC4236C9297D51E7000BC7B4;
			remoteInfo = TrainTrainWidgetExtension;
		};
/* End PBXContainerItemProxy section */

/* Begin PBXCopyFilesBuildPhase section */
		AA07081A298672E7004A3C43 /* Embed Frameworks */ = {
			isa = PBXCopyFilesBuildPhase;
			buildActionMask = 2147483647;
			dstPath = "";
			dstSubfolderSpec = 10;
			files = (
				AA486BA72986B84200E2CF89 /* WidgetHelper.framework in Embed Frameworks */,
				AAEE43F72986A54300F10709 /* TTDesignSystem.framework in Embed Frameworks */,
			);
			name = "Embed Frameworks";
			runOnlyForDeploymentPostprocessing = 0;
		};
		AA07081F29867303004A3C43 /* Embed Frameworks */ = {
			isa = PBXCopyFilesBuildPhase;
			buildActionMask = 2147483647;
			dstPath = "";
			dstSubfolderSpec = 10;
			files = (
				AA486BD62986BA1700E2CF89 /* Selection.framework in Embed Frameworks */,
				AA2CDDDB298E386B007CAEE0 /* TTFoundation.framework in Embed Frameworks */,
				AAEE43F22986A3A900F10709 /* SharedModels.framework in Embed Frameworks */,
				AAEE43F42986A3A900F10709 /* TTDesignSystem.framework in Embed Frameworks */,
				AA486A222986A97600E2CF89 /* APIClient.framework in Embed Frameworks */,
				AA2CDDD8298E37ED007CAEE0 /* SubwayInfoClient.framework in Embed Frameworks */,
				AA2CDDDD298E3885007CAEE0 /* WidgetHelper.framework in Embed Frameworks */,
				AA2CDDD6298E37E9007CAEE0 /* StationInfoClient.framework in Embed Frameworks */,
				AA486B272986B15100E2CF89 /* Arrival.framework in Embed Frameworks */,
			);
			name = "Embed Frameworks";
			runOnlyForDeploymentPostprocessing = 0;
		};
		CC4236DC297D51E8000BC7B4 /* Embed Foundation Extensions */ = {
			isa = PBXCopyFilesBuildPhase;
			buildActionMask = 2147483647;
			dstPath = "";
			dstSubfolderSpec = 13;
			files = (
				CC4236DD297D51E8000BC7B4 /* TrainTrainWidgetExtension.appex in Embed Foundation Extensions */,
			);
			name = "Embed Foundation Extensions";
			runOnlyForDeploymentPostprocessing = 0;
		};
/* End PBXCopyFilesBuildPhase section */

/* Begin PBXFileReference section */
		AA0707FD29866E77004A3C43 /* Assets.xcassets */ = {isa = PBXFileReference; lastKnownFileType = folder.assetcatalog; path = Assets.xcassets; sourceTree = "<group>"; };
		AA2CDDD2298E3799007CAEE0 /* SubwayInfoClient.framework */ = {isa = PBXFileReference; explicitFileType = wrapper.framework; path = SubwayInfoClient.framework; sourceTree = BUILT_PRODUCTS_DIR; };
		AA2CDDD9298E386B007CAEE0 /* TTFoundation.framework */ = {isa = PBXFileReference; explicitFileType = wrapper.framework; path = TTFoundation.framework; sourceTree = BUILT_PRODUCTS_DIR; };
		AA486A202986A97600E2CF89 /* APIClient.framework */ = {isa = PBXFileReference; explicitFileType = wrapper.framework; path = APIClient.framework; sourceTree = BUILT_PRODUCTS_DIR; };
		AA486B202986B06B00E2CF89 /* StationInfoClient.framework */ = {isa = PBXFileReference; explicitFileType = wrapper.framework; path = StationInfoClient.framework; sourceTree = BUILT_PRODUCTS_DIR; };
		AA486B252986B15100E2CF89 /* Arrival.framework */ = {isa = PBXFileReference; explicitFileType = wrapper.framework; path = Arrival.framework; sourceTree = BUILT_PRODUCTS_DIR; };
		AA486BA52986B84200E2CF89 /* WidgetHelper.framework */ = {isa = PBXFileReference; explicitFileType = wrapper.framework; path = WidgetHelper.framework; sourceTree = BUILT_PRODUCTS_DIR; };
		AA486BA82986B8A700E2CF89 /* TrainTrainWidgetBundle.swift */ = {isa = PBXFileReference; fileEncoding = 4; lastKnownFileType = sourcecode.swift; path = TrainTrainWidgetBundle.swift; sourceTree = "<group>"; };
		AA486BD42986BA1700E2CF89 /* Selection.framework */ = {isa = PBXFileReference; explicitFileType = wrapper.framework; path = Selection.framework; sourceTree = BUILT_PRODUCTS_DIR; };
		AABFAE2429606F8D000DEE4C /* TrainTrainTests.xctest */ = {isa = PBXFileReference; explicitFileType = wrapper.cfbundle; includeInIndex = 0; path = TrainTrainTests.xctest; sourceTree = BUILT_PRODUCTS_DIR; };
		AABFAE2629606F8D000DEE4C /* TrainTrainTests.swift */ = {isa = PBXFileReference; lastKnownFileType = sourcecode.swift; path = TrainTrainTests.swift; sourceTree = "<group>"; };
		AAEE43EF2986A3A900F10709 /* SharedModels.framework */ = {isa = PBXFileReference; explicitFileType = wrapper.framework; path = SharedModels.framework; sourceTree = BUILT_PRODUCTS_DIR; };
		AAEE43F02986A3A900F10709 /* TTDesignSystem.framework */ = {isa = PBXFileReference; explicitFileType = wrapper.framework; path = TTDesignSystem.framework; sourceTree = BUILT_PRODUCTS_DIR; };
		AAEE43F52986A54300F10709 /* TTDesignSystem.framework */ = {isa = PBXFileReference; explicitFileType = wrapper.framework; path = TTDesignSystem.framework; sourceTree = BUILT_PRODUCTS_DIR; };
		C18E716F28CDD5F2000C9BA5 /* Info.plist */ = {isa = PBXFileReference; lastKnownFileType = text.plist.xml; path = Info.plist; sourceTree = "<group>"; };
		CC4236CA297D51E7000BC7B4 /* TrainTrainWidgetExtension.appex */ = {isa = PBXFileReference; explicitFileType = "wrapper.app-extension"; includeInIndex = 0; path = TrainTrainWidgetExtension.appex; sourceTree = BUILT_PRODUCTS_DIR; };
		CC4236CC297D51E7000BC7B4 /* WidgetKit.framework */ = {isa = PBXFileReference; lastKnownFileType = wrapper.framework; name = WidgetKit.framework; path = System/Library/Frameworks/WidgetKit.framework; sourceTree = SDKROOT; };
		CC4236CE297D51E7000BC7B4 /* SwiftUI.framework */ = {isa = PBXFileReference; lastKnownFileType = wrapper.framework; name = SwiftUI.framework; path = System/Library/Frameworks/SwiftUI.framework; sourceTree = SDKROOT; };
		CC4236D9297D51E8000BC7B4 /* Info.plist */ = {isa = PBXFileReference; lastKnownFileType = text.plist.xml; path = Info.plist; sourceTree = "<group>"; };
		CF137AB328CDA8A10022B6AF /* TrainTrain.app */ = {isa = PBXFileReference; explicitFileType = wrapper.application; includeInIndex = 0; path = TrainTrain.app; sourceTree = BUILT_PRODUCTS_DIR; };
		CF137AB628CDA8A10022B6AF /* TrainTrainApp.swift */ = {isa = PBXFileReference; lastKnownFileType = sourcecode.swift; path = TrainTrainApp.swift; sourceTree = "<group>"; };
		CF137AB828CDA8A10022B6AF /* ContentView.swift */ = {isa = PBXFileReference; lastKnownFileType = sourcecode.swift; path = ContentView.swift; sourceTree = "<group>"; };
		CF137ABD28CDA8A20022B6AF /* Preview Assets.xcassets */ = {isa = PBXFileReference; lastKnownFileType = folder.assetcatalog; path = "Preview Assets.xcassets"; sourceTree = "<group>"; };
/* End PBXFileReference section */

/* Begin PBXFrameworksBuildPhase section */
		AABFAE2129606F8D000DEE4C /* Frameworks */ = {
			isa = PBXFrameworksBuildPhase;
			buildActionMask = 2147483647;
			files = (
			);
			runOnlyForDeploymentPostprocessing = 0;
		};
		CC4236C7297D51E7000BC7B4 /* Frameworks */ = {
			isa = PBXFrameworksBuildPhase;
			buildActionMask = 2147483647;
			files = (
				CC4236CF297D51E7000BC7B4 /* SwiftUI.framework in Frameworks */,
				CC4236CD297D51E7000BC7B4 /* WidgetKit.framework in Frameworks */,
				AA486BA62986B84200E2CF89 /* WidgetHelper.framework in Frameworks */,
				AAEE43F62986A54300F10709 /* TTDesignSystem.framework in Frameworks */,
			);
			runOnlyForDeploymentPostprocessing = 0;
		};
		CF137AB028CDA8A10022B6AF /* Frameworks */ = {
			isa = PBXFrameworksBuildPhase;
			buildActionMask = 2147483647;
			files = (
				AA486A212986A97600E2CF89 /* APIClient.framework in Frameworks */,
				AA2CDDDA298E386B007CAEE0 /* TTFoundation.framework in Frameworks */,
				AA486B262986B15100E2CF89 /* Arrival.framework in Frameworks */,
				AAEE43F12986A3A900F10709 /* SharedModels.framework in Frameworks */,
				AA486BD52986BA1700E2CF89 /* Selection.framework in Frameworks */,
				AA2CDDD7298E37ED007CAEE0 /* SubwayInfoClient.framework in Frameworks */,
				AA2CDDDC298E3885007CAEE0 /* WidgetHelper.framework in Frameworks */,
				AA2CDDD5298E37E9007CAEE0 /* StationInfoClient.framework in Frameworks */,
				AAEE43F32986A3A900F10709 /* TTDesignSystem.framework in Frameworks */,
			);
			runOnlyForDeploymentPostprocessing = 0;
		};
/* End PBXFrameworksBuildPhase section */

/* Begin PBXGroup section */
		AA486BE72986BD4500E2CF89 /* Widget */ = {
			isa = PBXGroup;
			children = (
				AA486BE82986BD4500E2CF89 /* Sources */,
				AA486BEA2986BD4500E2CF89 /* SupportFiles */,
			);
			name = Widget;
			path = ../Widget;
			sourceTree = "<group>";
		};
		AA486BE82986BD4500E2CF89 /* Sources */ = {
			isa = PBXGroup;
			children = (
				AA486BA82986B8A700E2CF89 /* TrainTrainWidgetBundle.swift */,
			);
			path = Sources;
			sourceTree = "<group>";
		};
		AA486BEA2986BD4500E2CF89 /* SupportFiles */ = {
			isa = PBXGroup;
			children = (
				CC4236D9297D51E8000BC7B4 /* Info.plist */,
			);
			path = SupportFiles;
			sourceTree = "<group>";
		};
		AABFAE2529606F8D000DEE4C /* Tests */ = {
			isa = PBXGroup;
			children = (
				AABFAE2629606F8D000DEE4C /* TrainTrainTests.swift */,
			);
			path = Tests;
			sourceTree = "<group>";
		};
		AAD907F9294A0A2200534536 /* Sources */ = {
			isa = PBXGroup;
			children = (
				CF137AB828CDA8A10022B6AF /* ContentView.swift */,
				CF137AB628CDA8A10022B6AF /* TrainTrainApp.swift */,
			);
			path = Sources;
			sourceTree = "<group>";
		};
		AAD907FA294A0A2700534536 /* Resources */ = {
			isa = PBXGroup;
			children = (
				CF137ABC28CDA8A20022B6AF /* Preview Content */,
				AA0707FD29866E77004A3C43 /* Assets.xcassets */,
			);
			path = Resources;
			sourceTree = "<group>";
		};
		AAD907FB294A0A3100534536 /* SupportFiles */ = {
			isa = PBXGroup;
			children = (
				C18E716F28CDD5F2000C9BA5 /* Info.plist */,
			);
			path = SupportFiles;
			sourceTree = "<group>";
		};
		CC4236CB297D51E7000BC7B4 /* Frameworks */ = {
			isa = PBXGroup;
			children = (
				AA2CDDD9298E386B007CAEE0 /* TTFoundation.framework */,
				AA2CDDD2298E3799007CAEE0 /* SubwayInfoClient.framework */,
				AA486BD42986BA1700E2CF89 /* Selection.framework */,
				AA486BA52986B84200E2CF89 /* WidgetHelper.framework */,
				AA486B252986B15100E2CF89 /* Arrival.framework */,
				AA486B202986B06B00E2CF89 /* StationInfoClient.framework */,
				AA486A202986A97600E2CF89 /* APIClient.framework */,
				AAEE43F52986A54300F10709 /* TTDesignSystem.framework */,
				AAEE43EF2986A3A900F10709 /* SharedModels.framework */,
				AAEE43F02986A3A900F10709 /* TTDesignSystem.framework */,
				CC4236CC297D51E7000BC7B4 /* WidgetKit.framework */,
				CC4236CE297D51E7000BC7B4 /* SwiftUI.framework */,
			);
			name = Frameworks;
			sourceTree = "<group>";
		};
		CF137AAA28CDA8A10022B6AF = {
			isa = PBXGroup;
			children = (
				CF137AB528CDA8A10022B6AF /* App */,
				AA486BE72986BD4500E2CF89 /* Widget */,
				CC4236CB297D51E7000BC7B4 /* Frameworks */,
				CF137AB428CDA8A10022B6AF /* Products */,
			);
			sourceTree = "<group>";
		};
		CF137AB428CDA8A10022B6AF /* Products */ = {
			isa = PBXGroup;
			children = (
				CF137AB328CDA8A10022B6AF /* TrainTrain.app */,
				AABFAE2429606F8D000DEE4C /* TrainTrainTests.xctest */,
				CC4236CA297D51E7000BC7B4 /* TrainTrainWidgetExtension.appex */,
			);
			name = Products;
			sourceTree = "<group>";
		};
		CF137AB528CDA8A10022B6AF /* App */ = {
			isa = PBXGroup;
			children = (
				AAD907FA294A0A2700534536 /* Resources */,
				AAD907F9294A0A2200534536 /* Sources */,
				AAD907FB294A0A3100534536 /* SupportFiles */,
				AABFAE2529606F8D000DEE4C /* Tests */,
			);
			name = App;
			sourceTree = "<group>";
		};
		CF137ABC28CDA8A20022B6AF /* Preview Content */ = {
			isa = PBXGroup;
			children = (
				CF137ABD28CDA8A20022B6AF /* Preview Assets.xcassets */,
			);
			path = "Preview Content";
			sourceTree = "<group>";
		};
/* End PBXGroup section */

/* Begin PBXNativeTarget section */
		AABFAE2329606F8D000DEE4C /* TrainTrainTests */ = {
			isa = PBXNativeTarget;
			buildConfigurationList = AABFAE2C29606F8D000DEE4C /* Build configuration list for PBXNativeTarget "TrainTrainTests" */;
			buildPhases = (
				AABFAE2029606F8D000DEE4C /* Sources */,
				AABFAE2129606F8D000DEE4C /* Frameworks */,
				AABFAE2229606F8D000DEE4C /* Resources */,
			);
			buildRules = (
			);
			dependencies = (
				AABFAE2929606F8D000DEE4C /* PBXTargetDependency */,
			);
			name = TrainTrainTests;
			productName = TrainTrainTests;
			productReference = AABFAE2429606F8D000DEE4C /* TrainTrainTests.xctest */;
			productType = "com.apple.product-type.bundle.unit-test";
		};
		CC4236C9297D51E7000BC7B4 /* TrainTrainWidgetExtension */ = {
			isa = PBXNativeTarget;
			buildConfigurationList = CC4236E0297D51E8000BC7B4 /* Build configuration list for PBXNativeTarget "TrainTrainWidgetExtension" */;
			buildPhases = (
				CC4236C6297D51E7000BC7B4 /* Sources */,
				CC4236C7297D51E7000BC7B4 /* Frameworks */,
				CC4236C8297D51E7000BC7B4 /* Resources */,
				AA07081A298672E7004A3C43 /* Embed Frameworks */,
			);
			buildRules = (
			);
			dependencies = (
			);
			name = TrainTrainWidgetExtension;
			productName = TrainTrainWidgetExtension;
			productReference = CC4236CA297D51E7000BC7B4 /* TrainTrainWidgetExtension.appex */;
			productType = "com.apple.product-type.app-extension";
		};
		CF137AB228CDA8A10022B6AF /* TrainTrain */ = {
			isa = PBXNativeTarget;
			buildConfigurationList = CF137AC128CDA8A20022B6AF /* Build configuration list for PBXNativeTarget "TrainTrain" */;
			buildPhases = (
				CF137AAF28CDA8A10022B6AF /* Sources */,
				CF137AB028CDA8A10022B6AF /* Frameworks */,
				CF137AB128CDA8A10022B6AF /* Resources */,
				CC4236DC297D51E8000BC7B4 /* Embed Foundation Extensions */,
				AA07081F29867303004A3C43 /* Embed Frameworks */,
			);
			buildRules = (
			);
			dependencies = (
				CC4236DB297D51E8000BC7B4 /* PBXTargetDependency */,
			);
			name = TrainTrain;
			packageProductDependencies = (
			);
			productName = TrainTrain;
			productReference = CF137AB328CDA8A10022B6AF /* TrainTrain.app */;
			productType = "com.apple.product-type.application";
		};
/* End PBXNativeTarget section */

/* Begin PBXProject section */
		CF137AAB28CDA8A10022B6AF /* Project object */ = {
			isa = PBXProject;
			attributes = {
				BuildIndependentTargetsInParallel = 1;
				LastSwiftUpdateCheck = 1410;
				LastUpgradeCheck = 1400;
				TargetAttributes = {
					AABFAE2329606F8D000DEE4C = {
						CreatedOnToolsVersion = 14.1;
					};
					CC4236C9297D51E7000BC7B4 = {
						CreatedOnToolsVersion = 14.2;
						LastSwiftMigration = 1410;
					};
					CF137AB228CDA8A10022B6AF = {
						CreatedOnToolsVersion = 14.0;
					};
				};
			};
			buildConfigurationList = CF137AAE28CDA8A10022B6AF /* Build configuration list for PBXProject "TrainTrain" */;
			compatibilityVersion = "Xcode 14.0";
			developmentRegion = en;
			hasScannedForEncodings = 0;
			knownRegions = (
				en,
				Base,
			);
			mainGroup = CF137AAA28CDA8A10022B6AF;
			packageReferences = (
			);
			productRefGroup = CF137AB428CDA8A10022B6AF /* Products */;
			projectDirPath = "";
			projectRoot = "";
			targets = (
				CF137AB228CDA8A10022B6AF /* TrainTrain */,
				AABFAE2329606F8D000DEE4C /* TrainTrainTests */,
				CC4236C9297D51E7000BC7B4 /* TrainTrainWidgetExtension */,
			);
		};
/* End PBXProject section */

/* Begin PBXResourcesBuildPhase section */
		AABFAE2229606F8D000DEE4C /* Resources */ = {
			isa = PBXResourcesBuildPhase;
			buildActionMask = 2147483647;
			files = (
			);
			runOnlyForDeploymentPostprocessing = 0;
		};
		CC4236C8297D51E7000BC7B4 /* Resources */ = {
			isa = PBXResourcesBuildPhase;
			buildActionMask = 2147483647;
			files = (
			);
			runOnlyForDeploymentPostprocessing = 0;
		};
		CF137AB128CDA8A10022B6AF /* Resources */ = {
			isa = PBXResourcesBuildPhase;
			buildActionMask = 2147483647;
			files = (
				CF137ABE28CDA8A20022B6AF /* Preview Assets.xcassets in Resources */,
				AA0707FE29866E77004A3C43 /* Assets.xcassets in Resources */,
			);
			runOnlyForDeploymentPostprocessing = 0;
		};
/* End PBXResourcesBuildPhase section */

/* Begin PBXSourcesBuildPhase section */
		AABFAE2029606F8D000DEE4C /* Sources */ = {
			isa = PBXSourcesBuildPhase;
			buildActionMask = 2147483647;
			files = (
				AABFAE2729606F8D000DEE4C /* TrainTrainTests.swift in Sources */,
			);
			runOnlyForDeploymentPostprocessing = 0;
		};
		CC4236C6297D51E7000BC7B4 /* Sources */ = {
			isa = PBXSourcesBuildPhase;
			buildActionMask = 2147483647;
			files = (
				AA486BA92986B8A700E2CF89 /* TrainTrainWidgetBundle.swift in Sources */,
			);
			runOnlyForDeploymentPostprocessing = 0;
		};
		CF137AAF28CDA8A10022B6AF /* Sources */ = {
			isa = PBXSourcesBuildPhase;
			buildActionMask = 2147483647;
			files = (
				CF137AB928CDA8A10022B6AF /* ContentView.swift in Sources */,
				CF137AB728CDA8A10022B6AF /* TrainTrainApp.swift in Sources */,
			);
			runOnlyForDeploymentPostprocessing = 0;
		};
/* End PBXSourcesBuildPhase section */

/* Begin PBXTargetDependency section */
		AABFAE2929606F8D000DEE4C /* PBXTargetDependency */ = {
			isa = PBXTargetDependency;
			target = CF137AB228CDA8A10022B6AF /* TrainTrain */;
			targetProxy = AABFAE2829606F8D000DEE4C /* PBXContainerItemProxy */;
		};
		CC4236DB297D51E8000BC7B4 /* PBXTargetDependency */ = {
			isa = PBXTargetDependency;
			target = CC4236C9297D51E7000BC7B4 /* TrainTrainWidgetExtension */;
			targetProxy = CC4236DA297D51E8000BC7B4 /* PBXContainerItemProxy */;
		};
/* End PBXTargetDependency section */

/* Begin XCBuildConfiguration section */
		AABFAE2A29606F8D000DEE4C /* Debug */ = {
			isa = XCBuildConfiguration;
			buildSettings = {
				"CODE_SIGN_IDENTITY[sdk=iphoneos*]" = "Apple Development";
				CODE_SIGN_STYLE = Manual;
				CURRENT_PROJECT_VERSION = 1;
				DEVELOPMENT_TEAM = "";
				"DEVELOPMENT_TEAM[sdk=iphoneos*]" = "";
				"DEVELOPMENT_TEAM[sdk=macosx*]" = "";
				GENERATE_INFOPLIST_FILE = YES;
				IPHONEOS_DEPLOYMENT_TARGET = 15.0;
				MARKETING_VERSION = 1.0;
				PRODUCT_BUNDLE_IDENTIFIER = space.codable.trainHardTests;
				PRODUCT_NAME = "$(TARGET_NAME)";
				PROVISIONING_PROFILE_SPECIFIER = "";
				"PROVISIONING_PROFILE_SPECIFIER[sdk=iphoneos*]" = "";
				SWIFT_EMIT_LOC_STRINGS = NO;
				SWIFT_VERSION = 5.0;
				TARGETED_DEVICE_FAMILY = "1,2";
			};
			name = Debug;
		};
		AABFAE2B29606F8D000DEE4C /* Release */ = {
			isa = XCBuildConfiguration;
			buildSettings = {
				"CODE_SIGN_IDENTITY[sdk=iphoneos*]" = "Apple Development";
				CODE_SIGN_STYLE = Manual;
				CURRENT_PROJECT_VERSION = 1;
				DEVELOPMENT_TEAM = "";
				"DEVELOPMENT_TEAM[sdk=iphoneos*]" = "";
				"DEVELOPMENT_TEAM[sdk=macosx*]" = "";
				GENERATE_INFOPLIST_FILE = YES;
				IPHONEOS_DEPLOYMENT_TARGET = 15.0;
				MARKETING_VERSION = 1.0;
				PRODUCT_BUNDLE_IDENTIFIER = space.codable.trainHardTests;
				PRODUCT_NAME = "$(TARGET_NAME)";
				PROVISIONING_PROFILE_SPECIFIER = "";
				"PROVISIONING_PROFILE_SPECIFIER[sdk=iphoneos*]" = "";
				SWIFT_EMIT_LOC_STRINGS = NO;
				SWIFT_VERSION = 5.0;
				TARGETED_DEVICE_FAMILY = "1,2";
			};
			name = Release;
		};
		CC4236DE297D51E8000BC7B4 /* Debug */ = {
			isa = XCBuildConfiguration;
			buildSettings = {
				ASSETCATALOG_COMPILER_GLOBAL_ACCENT_COLOR_NAME = AccentColor;
				ASSETCATALOG_COMPILER_WIDGET_BACKGROUND_COLOR_NAME = WidgetBackground;
				CLANG_ENABLE_MODULES = YES;
				CODE_SIGN_IDENTITY = "Apple Development";
				"CODE_SIGN_IDENTITY[sdk=iphoneos*]" = "iPhone Developer";
				CODE_SIGN_STYLE = Manual;
				CURRENT_PROJECT_VERSION = 1;
				DEVELOPMENT_TEAM = "";
				"DEVELOPMENT_TEAM[sdk=iphoneos*]" = GMASX5K78J;
				GENERATE_INFOPLIST_FILE = YES;
				INFOPLIST_FILE = ../Widget/SupportFiles/Info.plist;
				INFOPLIST_KEY_CFBundleDisplayName = TrainTrainWidget;
				INFOPLIST_KEY_NSHumanReadableCopyright = "";
				IPHONEOS_DEPLOYMENT_TARGET = 16.1;
				LD_RUNPATH_SEARCH_PATHS = (
					"$(inherited)",
					"@executable_path/Frameworks",
					"@executable_path/../../Frameworks",
				);
				MARKETING_VERSION = 1.2;
				PRODUCT_BUNDLE_IDENTIFIER = space.codable.trainHard.TrainTrainWidget;
				PRODUCT_NAME = "$(TARGET_NAME)";
				PROVISIONING_PROFILE_SPECIFIER = "";
				"PROVISIONING_PROFILE_SPECIFIER[sdk=iphoneos*]" = TrainTrain_Profile_Widget_Development_230108;
				SKIP_INSTALL = YES;
				SWIFT_EMIT_LOC_STRINGS = YES;
				SWIFT_OPTIMIZATION_LEVEL = "-Onone";
				SWIFT_VERSION = 5.0;
				TARGETED_DEVICE_FAMILY = "1,2";
			};
			name = Debug;
		};
		CC4236DF297D51E8000BC7B4 /* Release */ = {
			isa = XCBuildConfiguration;
			buildSettings = {
				ASSETCATALOG_COMPILER_GLOBAL_ACCENT_COLOR_NAME = AccentColor;
				ASSETCATALOG_COMPILER_WIDGET_BACKGROUND_COLOR_NAME = WidgetBackground;
				CLANG_ENABLE_MODULES = YES;
				CODE_SIGN_IDENTITY = "Apple Development";
				"CODE_SIGN_IDENTITY[sdk=iphoneos*]" = "iPhone Developer";
				CODE_SIGN_STYLE = Manual;
				CURRENT_PROJECT_VERSION = 1;
				DEVELOPMENT_TEAM = "";
				"DEVELOPMENT_TEAM[sdk=iphoneos*]" = GMASX5K78J;
				GENERATE_INFOPLIST_FILE = YES;
				INFOPLIST_FILE = ../Widget/SupportFiles/Info.plist;
				INFOPLIST_KEY_CFBundleDisplayName = TrainTrainWidget;
				INFOPLIST_KEY_NSHumanReadableCopyright = "";
				IPHONEOS_DEPLOYMENT_TARGET = 16.1;
				LD_RUNPATH_SEARCH_PATHS = (
					"$(inherited)",
					"@executable_path/Frameworks",
					"@executable_path/../../Frameworks",
				);
				MARKETING_VERSION = 1.2;
				PRODUCT_BUNDLE_IDENTIFIER = space.codable.trainHard.TrainTrainWidget;
				PRODUCT_NAME = "$(TARGET_NAME)";
				PROVISIONING_PROFILE_SPECIFIER = "";
				"PROVISIONING_PROFILE_SPECIFIER[sdk=iphoneos*]" = TrainTrain_Profile_Widget_Development_230108;
				SKIP_INSTALL = YES;
				SWIFT_EMIT_LOC_STRINGS = YES;
				SWIFT_VERSION = 5.0;
				TARGETED_DEVICE_FAMILY = "1,2";
			};
			name = Release;
		};
		CF137ABF28CDA8A20022B6AF /* Debug */ = {
			isa = XCBuildConfiguration;
			buildSettings = {
				ALWAYS_SEARCH_USER_PATHS = NO;
				CLANG_ANALYZER_NONNULL = YES;
				CLANG_ANALYZER_NUMBER_OBJECT_CONVERSION = YES_AGGRESSIVE;
				CLANG_CXX_LANGUAGE_STANDARD = "gnu++20";
				CLANG_ENABLE_MODULES = YES;
				CLANG_ENABLE_OBJC_ARC = YES;
				CLANG_ENABLE_OBJC_WEAK = YES;
				CLANG_WARN_BLOCK_CAPTURE_AUTORELEASING = YES;
				CLANG_WARN_BOOL_CONVERSION = YES;
				CLANG_WARN_COMMA = YES;
				CLANG_WARN_CONSTANT_CONVERSION = YES;
				CLANG_WARN_DEPRECATED_OBJC_IMPLEMENTATIONS = YES;
				CLANG_WARN_DIRECT_OBJC_ISA_USAGE = YES_ERROR;
				CLANG_WARN_DOCUMENTATION_COMMENTS = YES;
				CLANG_WARN_EMPTY_BODY = YES;
				CLANG_WARN_ENUM_CONVERSION = YES;
				CLANG_WARN_INFINITE_RECURSION = YES;
				CLANG_WARN_INT_CONVERSION = YES;
				CLANG_WARN_NON_LITERAL_NULL_CONVERSION = YES;
				CLANG_WARN_OBJC_IMPLICIT_RETAIN_SELF = YES;
				CLANG_WARN_OBJC_LITERAL_CONVERSION = YES;
				CLANG_WARN_OBJC_ROOT_CLASS = YES_ERROR;
				CLANG_WARN_QUOTED_INCLUDE_IN_FRAMEWORK_HEADER = YES;
				CLANG_WARN_RANGE_LOOP_ANALYSIS = YES;
				CLANG_WARN_STRICT_PROTOTYPES = YES;
				CLANG_WARN_SUSPICIOUS_MOVE = YES;
				CLANG_WARN_UNGUARDED_AVAILABILITY = YES_AGGRESSIVE;
				CLANG_WARN_UNREACHABLE_CODE = YES;
				CLANG_WARN__DUPLICATE_METHOD_MATCH = YES;
				COPY_PHASE_STRIP = NO;
				DEBUG_INFORMATION_FORMAT = dwarf;
				ENABLE_STRICT_OBJC_MSGSEND = YES;
				ENABLE_TESTABILITY = YES;
				GCC_C_LANGUAGE_STANDARD = gnu11;
				GCC_DYNAMIC_NO_PIC = NO;
				GCC_NO_COMMON_BLOCKS = YES;
				GCC_OPTIMIZATION_LEVEL = 0;
				GCC_PREPROCESSOR_DEFINITIONS = (
					"DEBUG=1",
					"$(inherited)",
				);
				GCC_WARN_64_TO_32_BIT_CONVERSION = YES;
				GCC_WARN_ABOUT_RETURN_TYPE = YES_ERROR;
				GCC_WARN_UNDECLARED_SELECTOR = YES;
				GCC_WARN_UNINITIALIZED_AUTOS = YES_AGGRESSIVE;
				GCC_WARN_UNUSED_FUNCTION = YES;
				GCC_WARN_UNUSED_VARIABLE = YES;
				IPHONEOS_DEPLOYMENT_TARGET = 15.0;
				MTL_ENABLE_DEBUG_INFO = INCLUDE_SOURCE;
				MTL_FAST_MATH = YES;
				ONLY_ACTIVE_ARCH = YES;
				SDKROOT = iphoneos;
				SWIFT_ACTIVE_COMPILATION_CONDITIONS = DEBUG;
				SWIFT_OPTIMIZATION_LEVEL = "-Onone";
			};
			name = Debug;
		};
		CF137AC028CDA8A20022B6AF /* Release */ = {
			isa = XCBuildConfiguration;
			buildSettings = {
				ALWAYS_SEARCH_USER_PATHS = NO;
				CLANG_ANALYZER_NONNULL = YES;
				CLANG_ANALYZER_NUMBER_OBJECT_CONVERSION = YES_AGGRESSIVE;
				CLANG_CXX_LANGUAGE_STANDARD = "gnu++20";
				CLANG_ENABLE_MODULES = YES;
				CLANG_ENABLE_OBJC_ARC = YES;
				CLANG_ENABLE_OBJC_WEAK = YES;
				CLANG_WARN_BLOCK_CAPTURE_AUTORELEASING = YES;
				CLANG_WARN_BOOL_CONVERSION = YES;
				CLANG_WARN_COMMA = YES;
				CLANG_WARN_CONSTANT_CONVERSION = YES;
				CLANG_WARN_DEPRECATED_OBJC_IMPLEMENTATIONS = YES;
				CLANG_WARN_DIRECT_OBJC_ISA_USAGE = YES_ERROR;
				CLANG_WARN_DOCUMENTATION_COMMENTS = YES;
				CLANG_WARN_EMPTY_BODY = YES;
				CLANG_WARN_ENUM_CONVERSION = YES;
				CLANG_WARN_INFINITE_RECURSION = YES;
				CLANG_WARN_INT_CONVERSION = YES;
				CLANG_WARN_NON_LITERAL_NULL_CONVERSION = YES;
				CLANG_WARN_OBJC_IMPLICIT_RETAIN_SELF = YES;
				CLANG_WARN_OBJC_LITERAL_CONVERSION = YES;
				CLANG_WARN_OBJC_ROOT_CLASS = YES_ERROR;
				CLANG_WARN_QUOTED_INCLUDE_IN_FRAMEWORK_HEADER = YES;
				CLANG_WARN_RANGE_LOOP_ANALYSIS = YES;
				CLANG_WARN_STRICT_PROTOTYPES = YES;
				CLANG_WARN_SUSPICIOUS_MOVE = YES;
				CLANG_WARN_UNGUARDED_AVAILABILITY = YES_AGGRESSIVE;
				CLANG_WARN_UNREACHABLE_CODE = YES;
				CLANG_WARN__DUPLICATE_METHOD_MATCH = YES;
				COPY_PHASE_STRIP = NO;
				DEBUG_INFORMATION_FORMAT = "dwarf-with-dsym";
				ENABLE_NS_ASSERTIONS = NO;
				ENABLE_STRICT_OBJC_MSGSEND = YES;
				GCC_C_LANGUAGE_STANDARD = gnu11;
				GCC_NO_COMMON_BLOCKS = YES;
				GCC_WARN_64_TO_32_BIT_CONVERSION = YES;
				GCC_WARN_ABOUT_RETURN_TYPE = YES_ERROR;
				GCC_WARN_UNDECLARED_SELECTOR = YES;
				GCC_WARN_UNINITIALIZED_AUTOS = YES_AGGRESSIVE;
				GCC_WARN_UNUSED_FUNCTION = YES;
				GCC_WARN_UNUSED_VARIABLE = YES;
				IPHONEOS_DEPLOYMENT_TARGET = 15.0;
				MTL_ENABLE_DEBUG_INFO = NO;
				MTL_FAST_MATH = YES;
				SDKROOT = iphoneos;
				SWIFT_COMPILATION_MODE = wholemodule;
				SWIFT_OPTIMIZATION_LEVEL = "-O";
				VALIDATE_PRODUCT = YES;
			};
			name = Release;
		};
		CF137AC228CDA8A20022B6AF /* Debug */ = {
			isa = XCBuildConfiguration;
			buildSettings = {
				ALWAYS_EMBED_SWIFT_STANDARD_LIBRARIES = YES;
				ASSETCATALOG_COMPILER_ALTERNATE_APPICON_NAMES = AppIcon_B;
				ASSETCATALOG_COMPILER_APPICON_NAME = AppIcon;
				ASSETCATALOG_COMPILER_GLOBAL_ACCENT_COLOR_NAME = AccentColor;
				ASSETCATALOG_COMPILER_INCLUDE_ALL_APPICON_ASSETS = YES;
				"CODE_SIGN_IDENTITY[sdk=iphoneos*]" = "iPhone Developer";
				CODE_SIGN_STYLE = Manual;
				CURRENT_PROJECT_VERSION = 1;
				DEVELOPMENT_ASSET_PATHS = "\"Resources/Preview Content\"";
				DEVELOPMENT_TEAM = "";
				"DEVELOPMENT_TEAM[sdk=iphoneos*]" = GMASX5K78J;
				ENABLE_PREVIEWS = YES;
				GENERATE_INFOPLIST_FILE = YES;
				INFOPLIST_FILE = SupportFiles/Info.plist;
				INFOPLIST_KEY_CFBundleDisplayName = "영차열차";
				INFOPLIST_KEY_LSApplicationCategoryType = "public.app-category.utilities";
				INFOPLIST_KEY_NSSupportsLiveActivities = YES;
				INFOPLIST_KEY_UIApplicationSceneManifest_Generation = YES;
				INFOPLIST_KEY_UIApplicationSupportsIndirectInputEvents = YES;
				INFOPLIST_KEY_UILaunchScreen_Generation = YES;
				INFOPLIST_KEY_UISupportedInterfaceOrientations = UIInterfaceOrientationPortrait;
				IPHONEOS_DEPLOYMENT_TARGET = 15.0;
				LD_RUNPATH_SEARCH_PATHS = (
					"$(inherited)",
					"@executable_path/Frameworks",
				);
				MARKETING_VERSION = 1.2;
				PRODUCT_BUNDLE_IDENTIFIER = space.codable.trainHard;
				PRODUCT_NAME = "$(TARGET_NAME)";
				PROVISIONING_PROFILE_SPECIFIER = "";
				"PROVISIONING_PROFILE_SPECIFIER[sdk=iphoneos*]" = TrainTrain_Profile_Development_230108;
				SUPPORTED_PLATFORMS = "iphoneos iphonesimulator";
				SUPPORTS_MACCATALYST = NO;
				SUPPORTS_MAC_DESIGNED_FOR_IPHONE_IPAD = NO;
				SWIFT_EMIT_LOC_STRINGS = YES;
				SWIFT_VERSION = 5.0;
				TARGETED_DEVICE_FAMILY = 1;
			};
			name = Debug;
		};
		CF137AC328CDA8A20022B6AF /* Release */ = {
			isa = XCBuildConfiguration;
			buildSettings = {
				ALWAYS_EMBED_SWIFT_STANDARD_LIBRARIES = YES;
				ASSETCATALOG_COMPILER_ALTERNATE_APPICON_NAMES = AppIcon_B;
				ASSETCATALOG_COMPILER_APPICON_NAME = AppIcon;
				ASSETCATALOG_COMPILER_GLOBAL_ACCENT_COLOR_NAME = AccentColor;
				ASSETCATALOG_COMPILER_INCLUDE_ALL_APPICON_ASSETS = YES;
				"CODE_SIGN_IDENTITY[sdk=iphoneos*]" = "iPhone Developer";
				CODE_SIGN_STYLE = Manual;
				CURRENT_PROJECT_VERSION = 1;
				DEVELOPMENT_ASSET_PATHS = "\"Resources/Preview Content\"";
				DEVELOPMENT_TEAM = "";
				"DEVELOPMENT_TEAM[sdk=iphoneos*]" = GMASX5K78J;
				ENABLE_PREVIEWS = YES;
				GENERATE_INFOPLIST_FILE = YES;
				INFOPLIST_FILE = SupportFiles/Info.plist;
				INFOPLIST_KEY_CFBundleDisplayName = "영차열차";
				INFOPLIST_KEY_LSApplicationCategoryType = "public.app-category.utilities";
				INFOPLIST_KEY_NSSupportsLiveActivities = YES;
				INFOPLIST_KEY_UIApplicationSceneManifest_Generation = YES;
				INFOPLIST_KEY_UIApplicationSupportsIndirectInputEvents = YES;
				INFOPLIST_KEY_UILaunchScreen_Generation = YES;
				INFOPLIST_KEY_UISupportedInterfaceOrientations = UIInterfaceOrientationPortrait;
				IPHONEOS_DEPLOYMENT_TARGET = 15.0;
				LD_RUNPATH_SEARCH_PATHS = (
					"$(inherited)",
					"@executable_path/Frameworks",
				);
				MARKETING_VERSION = 1.2;
				PRODUCT_BUNDLE_IDENTIFIER = space.codable.trainHard;
				PRODUCT_NAME = "$(TARGET_NAME)";
				PROVISIONING_PROFILE_SPECIFIER = "";
				"PROVISIONING_PROFILE_SPECIFIER[sdk=iphoneos*]" = TrainTrain_Profile_Development_230108;
				SUPPORTED_PLATFORMS = "iphoneos iphonesimulator";
				SUPPORTS_MACCATALYST = NO;
				SUPPORTS_MAC_DESIGNED_FOR_IPHONE_IPAD = NO;
				SWIFT_EMIT_LOC_STRINGS = YES;
				SWIFT_VERSION = 5.0;
				TARGETED_DEVICE_FAMILY = 1;
			};
			name = Release;
		};
/* End XCBuildConfiguration section */

/* Begin XCConfigurationList section */
		AABFAE2C29606F8D000DEE4C /* Build configuration list for PBXNativeTarget "TrainTrainTests" */ = {
			isa = XCConfigurationList;
			buildConfigurations = (
				AABFAE2A29606F8D000DEE4C /* Debug */,
				AABFAE2B29606F8D000DEE4C /* Release */,
			);
			defaultConfigurationIsVisible = 0;
			defaultConfigurationName = Release;
		};
		CC4236E0297D51E8000BC7B4 /* Build configuration list for PBXNativeTarget "TrainTrainWidgetExtension" */ = {
			isa = XCConfigurationList;
			buildConfigurations = (
				CC4236DE297D51E8000BC7B4 /* Debug */,
				CC4236DF297D51E8000BC7B4 /* Release */,
			);
			defaultConfigurationIsVisible = 0;
			defaultConfigurationName = Release;
		};
		CF137AAE28CDA8A10022B6AF /* Build configuration list for PBXProject "TrainTrain" */ = {
			isa = XCConfigurationList;
			buildConfigurations = (
				CF137ABF28CDA8A20022B6AF /* Debug */,
				CF137AC028CDA8A20022B6AF /* Release */,
			);
			defaultConfigurationIsVisible = 0;
			defaultConfigurationName = Release;
		};
		CF137AC128CDA8A20022B6AF /* Build configuration list for PBXNativeTarget "TrainTrain" */ = {
			isa = XCConfigurationList;
			buildConfigurations = (
				CF137AC228CDA8A20022B6AF /* Debug */,
				CF137AC328CDA8A20022B6AF /* Release */,
			);
			defaultConfigurationIsVisible = 0;
			defaultConfigurationName = Release;
		};
/* End XCConfigurationList section */
	};
	rootObject = CF137AAB28CDA8A10022B6AF /* Project object */;
}
