<?xml version="1.0" encoding="UTF-8"?>
<Scheme
   LastUpgradeVersion = "1410"
   version = "1.3">
   <BuildAction
      parallelizeBuildables = "YES"
      buildImplicitDependencies = "YES">
      <BuildActionEntries>
         <BuildActionEntry
            buildForTesting = "YES"
            buildForRunning = "YES"
            buildForProfiling = "YES"
            buildForArchiving = "YES"
            buildForAnalyzing = "YES">
            <BuildableReference
               BuildableIdentifier = "primary"
               BlueprintIdentifier = "CF137AB228CDA8A10022B6AF"
               BuildableName = "TrainTrain.app"
               BlueprintName = "TrainTrain"
               ReferencedContainer = "container:TrainTrain.xcodeproj">
            </BuildableReference>
         </BuildActionEntry>
      </BuildActionEntries>
   </BuildAction>
   <TestAction
      buildConfiguration = "Debug"
      selectedDebuggerIdentifier = "Xcode.DebuggerFoundation.Debugger.LLDB"
      selectedLauncherIdentifier = "Xcode.DebuggerFoundation.Launcher.LLDB"
      shouldUseLaunchSchemeArgsEnv = "YES">
      <Testables>
         <TestableReference
            skipped = "NO"
            parallelizable = "YES">
            <BuildableReference
               BuildableIdentifier = "primary"
               BlueprintIdentifier = "AABFAE2329606F8D000DEE4C"
               BuildableName = "TrainTrainTests.xctest"
               BlueprintName = "TrainTrainTests"
               ReferencedContainer = "container:TrainTrain.xcodeproj">
            </BuildableReference>
         </TestableReference>
         <TestableReference
            skipped = "NO">
            <BuildableReference
               BuildableIdentifier = "primary"
               BlueprintIdentifier = "AA486A022986A89900E2CF89"
               BuildableName = "APIClientTests.xctest"
               BlueprintName = "APIClientTests"
               ReferencedContainer = "container:../APIClient/APIClient.xcodeproj">
            </BuildableReference>
         </TestableReference>
         <TestableReference
            skipped = "NO">
            <BuildableReference
               BuildableIdentifier = "primary"
               BlueprintIdentifier = "AA486A362986ABE500E2CF89"
               BuildableName = "ArrivalTests.xctest"
               BlueprintName = "ArrivalTests"
               ReferencedContainer = "container:../Arrival/Arrival.xcodeproj">
            </BuildableReference>
         </TestableReference>
         <TestableReference
            skipped = "NO">
            <BuildableReference
               BuildableIdentifier = "primary"
               BlueprintIdentifier = "AA486BBF2986B9D100E2CF89"
               BuildableName = "SelectionTests.xctest"
               BlueprintName = "SelectionTests"
               ReferencedContainer = "container:../Selection/Selection.xcodeproj">
            </BuildableReference>
         </TestableReference>
         <TestableReference
            skipped = "NO">
            <BuildableReference
               BuildableIdentifier = "primary"
               BlueprintIdentifier = "AA486A972986AC9900E2CF89"
               BuildableName = "StationInfoClientTests.xctest"
               BlueprintName = "StationInfoClientTests"
               ReferencedContainer = "container:../StationInfoClient/StationInfoClient.xcodeproj">
            </BuildableReference>
         </TestableReference>
         <TestableReference
            skipped = "NO">
            <BuildableReference
               BuildableIdentifier = "primary"
               BlueprintIdentifier = "AA486AF42986ADB200E2CF89"
               BuildableName = "SubwayInfoClientTests.xctest"
               BlueprintName = "SubwayInfoClientTests"
               ReferencedContainer = "container:../SubwayInfoClient/SubwayInfoClient.xcodeproj">
            </BuildableReference>
         </TestableReference>
         <TestableReference
            skipped = "NO">
            <BuildableReference
               BuildableIdentifier = "primary"
               BlueprintIdentifier = "AA486B842986B4B200E2CF89"
               BuildableName = "TTFoundationTests.xctest"
               BlueprintName = "TTFoundationTests"
               ReferencedContainer = "container:../TTFoundation/TTFoundation.xcodeproj">
            </BuildableReference>
         </TestableReference>
         <TestableReference
            skipped = "NO">
            <BuildableReference
               BuildableIdentifier = "primary"
               BlueprintIdentifier = "AA486B3B2986B20F00E2CF89"
               BuildableName = "WidgetHelperTests.xctest"
               BlueprintName = "WidgetHelperTests"
               ReferencedContainer = "container:../WidgetHelper/WidgetHelper.xcodeproj">
            </BuildableReference>
         </TestableReference>
         <TestableReference
            skipped = "NO">
            <BuildableReference
               BuildableIdentifier = "primary"
               BlueprintIdentifier = "CC06F4BF29AB251800B4FE08"
               BuildableName = "SharedModelsTests.xctest"
               BlueprintName = "SharedModelsTests"
               ReferencedContainer = "container:../SharedModels/SharedModels.xcodeproj">
            </BuildableReference>
         </TestableReference>
      </Testables>
   </TestAction>
   <LaunchAction
      buildConfiguration = "Debug"
      selectedDebuggerIdentifier = "Xcode.DebuggerFoundation.Debugger.LLDB"
      selectedLauncherIdentifier = "Xcode.DebuggerFoundation.Launcher.LLDB"
      launchStyle = "0"
      useCustomWorkingDirectory = "NO"
      ignoresPersistentStateOnLaunch = "NO"
      debugDocumentVersioning = "YES"
      debugServiceExtension = "internal"
      allowLocationSimulation = "YES">
      <BuildableProductRunnable
         runnableDebuggingMode = "0">
         <BuildableReference
            BuildableIdentifier = "primary"
            BlueprintIdentifier = "CF137AB228CDA8A10022B6AF"
            BuildableName = "TrainTrain.app"
            BlueprintName = "TrainTrain"
            ReferencedContainer = "container:TrainTrain.xcodeproj">
         </BuildableReference>
      </BuildableProductRunnable>
   </LaunchAction>
   <ProfileAction
      buildConfiguration = "Release"
      shouldUseLaunchSchemeArgsEnv = "YES"
      savedToolIdentifier = ""
      useCustomWorkingDirectory = "NO"
      debugDocumentVersioning = "YES">
      <BuildableProductRunnable
         runnableDebuggingMode = "0">
         <BuildableReference
            BuildableIdentifier = "primary"
            BlueprintIdentifier = "CF137AB228CDA8A10022B6AF"
            BuildableName = "TrainTrain.app"
            BlueprintName = "TrainTrain"
            ReferencedContainer = "container:TrainTrain.xcodeproj">
         </BuildableReference>
      </BuildableProductRunnable>
   </ProfileAction>
   <AnalyzeAction
      buildConfiguration = "Debug">
   </AnalyzeAction>
   <ArchiveAction
      buildConfiguration = "Release"
      revealArchiveInOrganizer = "YES">
   </ArchiveAction>
</Scheme>
