// !$*UTF8*$!
{
	archiveVersion = 1;
	classes = {
	};
	objectVersion = 56;
	objects = {

/* Begin PBXBuildFile section */
		AA486B182986AE6C00E2CF89 /* TrainInfo.swift in Sources */ = {isa = PBXBuildFile; fileRef = AA486B172986AE6C00E2CF89 /* TrainInfo.swift */; };
		AA486B1A2986AEB100E2CF89 /* TrainType.swift in Sources */ = {isa = PBXBuildFile; fileRef = AA486B192986AEB100E2CF89 /* TrainType.swift */; };
		AA486B242986B08B00E2CF89 /* ArrivalInfo.swift in Sources */ = {isa = PBXBuildFile; fileRef = AA486B232986B08B00E2CF89 /* ArrivalInfo.swift */; };
		AAEE43B62986A2AC00F10709 /* StationInfo.swift in Sources */ = {isa = PBXBuildFile; fileRef = AAEE43AF2986A2AC00F10709 /* StationInfo.swift */; };
		AAEE43B72986A2AC00F10709 /* SubwayLine.swift in Sources */ = {isa = PBXBuildFile; fileRef = AAEE43B02986A2AC00F10709 /* SubwayLine.swift */; };
		AAEE43B82986A2AC00F10709 /* APIError.swift in Sources */ = {isa = PBXBuildFile; fileRef = AAEE43B22986A2AC00F10709 /* APIError.swift */; };
		AAEE43B92986A2AC00F10709 /* SharedModels.h in Headers */ = {isa = PBXBuildFile; fileRef = AAEE43B32986A2AC00F10709 /* SharedModels.h */; };
		AAEE43BA2986A2AC00F10709 /* SharedModels.docc in Sources */ = {isa = PBXBuildFile; fileRef = AAEE43B52986A2AC00F10709 /* SharedModels.docc */; };
/* End PBXBuildFile section */

/* Begin PBXFileReference section */
		AA486B172986AE6C00E2CF89 /* TrainInfo.swift */ = {isa = PBXFileReference; fileEncoding = 4; lastKnownFileType = sourcecode.swift; path = TrainInfo.swift; sourceTree = "<group>"; };
		AA486B192986AEB100E2CF89 /* TrainType.swift */ = {isa = PBXFileReference; fileEncoding = 4; lastKnownFileType = sourcecode.swift; path = TrainType.swift; sourceTree = "<group>"; };
		AA486B232986B08B00E2CF89 /* ArrivalInfo.swift */ = {isa = PBXFileReference; fileEncoding = 4; lastKnownFileType = sourcecode.swift; path = ArrivalInfo.swift; sourceTree = "<group>"; };
		AAEE43A22986A25D00F10709 /* SharedModels.framework */ = {isa = PBXFileReference; explicitFileType = wrapper.framework; includeInIndex = 0; path = SharedModels.framework; sourceTree = BUILT_PRODUCTS_DIR; };
		AAEE43AF2986A2AC00F10709 /* StationInfo.swift */ = {isa = PBXFileReference; fileEncoding = 4; lastKnownFileType = sourcecode.swift; path = StationInfo.swift; sourceTree = "<group>"; };
		AAEE43B02986A2AC00F10709 /* SubwayLine.swift */ = {isa = PBXFileReference; fileEncoding = 4; lastKnownFileType = sourcecode.swift; path = SubwayLine.swift; sourceTree = "<group>"; };
		AAEE43B22986A2AC00F10709 /* APIError.swift */ = {isa = PBXFileReference; fileEncoding = 4; lastKnownFileType = sourcecode.swift; path = APIError.swift; sourceTree = "<group>"; };
		AAEE43B32986A2AC00F10709 /* SharedModels.h */ = {isa = PBXFileReference; fileEncoding = 4; lastKnownFileType = sourcecode.c.h; path = SharedModels.h; sourceTree = "<group>"; };
		AAEE43B52986A2AC00F10709 /* SharedModels.docc */ = {isa = PBXFileReference; lastKnownFileType = folder.documentationcatalog; path = SharedModels.docc; sourceTree = "<group>"; };
/* End PBXFileReference section */

/* Begin PBXFrameworksBuildPhase section */
		AAEE439F2986A25D00F10709 /* Frameworks */ = {
			isa = PBXFrameworksBuildPhase;
			buildActionMask = 2147483647;
			files = (
			);
			runOnlyForDeploymentPostprocessing = 0;
		};
/* End PBXFrameworksBuildPhase section */

/* Begin PBXGroup section */
		AAEE43982986A25D00F10709 = {
			isa = PBXGroup;
			children = (
				AAEE43B42986A2AC00F10709 /* Resources */,
				AAEE43AE2986A2AC00F10709 /* Sources */,
				AAEE43A32986A25D00F10709 /* Products */,
			);
			sourceTree = "<group>";
		};
		AAEE43A32986A25D00F10709 /* Products */ = {
			isa = PBXGroup;
			children = (
				AAEE43A22986A25D00F10709 /* SharedModels.framework */,
			);
			name = Products;
			sourceTree = "<group>";
		};
		AAEE43AE2986A2AC00F10709 /* Sources */ = {
			isa = PBXGroup;
			children = (
				AAEE43B12986A2AC00F10709 /* API */,
				AAEE43B32986A2AC00F10709 /* SharedModels.h */,
				AA486B232986B08B00E2CF89 /* ArrivalInfo.swift */,
				AAEE43AF2986A2AC00F10709 /* StationInfo.swift */,
				AAEE43B02986A2AC00F10709 /* SubwayLine.swift */,
				AA486B172986AE6C00E2CF89 /* TrainInfo.swift */,
				AA486B192986AEB100E2CF89 /* TrainType.swift */,
			);
			path = Sources;
			sourceTree = "<group>";
		};
		AAEE43B12986A2AC00F10709 /* API */ = {
			isa = PBXGroup;
			children = (
				AAEE43B22986A2AC00F10709 /* APIError.swift */,
			);
			path = API;
			sourceTree = "<group>";
		};
		AAEE43B42986A2AC00F10709 /* Resources */ = {
			isa = PBXGroup;
			children = (
				AAEE43B52986A2AC00F10709 /* SharedModels.docc */,
			);
			path = Resources;
			sourceTree = "<group>";
		};
/* End PBXGroup section */

/* Begin PBXHeadersBuildPhase section */
		AAEE439D2986A25D00F10709 /* Headers */ = {
			isa = PBXHeadersBuildPhase;
			buildActionMask = 2147483647;
			files = (
				AAEE43B92986A2AC00F10709 /* SharedModels.h in Headers */,
			);
			runOnlyForDeploymentPostprocessing = 0;
		};
/* End PBXHeadersBuildPhase section */

/* Begin PBXNativeTarget section */
		AAEE43A12986A25D00F10709 /* SharedModels */ = {
			isa = PBXNativeTarget;
			buildConfigurationList = AAEE43AB2986A25D00F10709 /* Build configuration list for PBXNativeTarget "SharedModels" */;
			buildPhases = (
				AAEE439D2986A25D00F10709 /* Headers */,
				AAEE439E2986A25D00F10709 /* Sources */,
				AAEE439F2986A25D00F10709 /* Frameworks */,
				AAEE43A02986A25D00F10709 /* Resources */,
			);
			buildRules = (
			);
			dependencies = (
			);
			name = SharedModels;
			productName = SharedModels;
			productReference = AAEE43A22986A25D00F10709 /* SharedModels.framework */;
			productType = "com.apple.product-type.framework";
		};
/* End PBXNativeTarget section */

/* Begin PBXProject section */
		AAEE43992986A25D00F10709 /* Project object */ = {
			isa = PBXProject;
			attributes = {
				BuildIndependentTargetsInParallel = 1;
				LastUpgradeCheck = 1410;
				TargetAttributes = {
					AAEE43A12986A25D00F10709 = {
						CreatedOnToolsVersion = 14.1;
					};
				};
			};
			buildConfigurationList = AAEE439C2986A25D00F10709 /* Build configuration list for PBXProject "SharedModels" */;
			compatibilityVersion = "Xcode 14.0";
			developmentRegion = en;
			hasScannedForEncodings = 0;
			knownRegions = (
				en,
				Base,
			);
			mainGroup = AAEE43982986A25D00F10709;
			productRefGroup = AAEE43A32986A25D00F10709 /* Products */;
			projectDirPath = "";
			projectRoot = "";
			targets = (
				AAEE43A12986A25D00F10709 /* SharedModels */,
			);
		};
/* End PBXProject section */

/* Begin PBXResourcesBuildPhase section */
		AAEE43A02986A25D00F10709 /* Resources */ = {
			isa = PBXResourcesBuildPhase;
			buildActionMask = 2147483647;
			files = (
			);
			runOnlyForDeploymentPostprocessing = 0;
		};
/* End PBXResourcesBuildPhase section */

/* Begin PBXSourcesBuildPhase section */
		AAEE439E2986A25D00F10709 /* Sources */ = {
			isa = PBXSourcesBuildPhase;
			buildActionMask = 2147483647;
			files = (
				AA486B182986AE6C00E2CF89 /* TrainInfo.swift in Sources */,
				AAEE43B72986A2AC00F10709 /* SubwayLine.swift in Sources */,
				AAEE43B62986A2AC00F10709 /* StationInfo.swift in Sources */,
				AA486B242986B08B00E2CF89 /* ArrivalInfo.swift in Sources */,
				AAEE43B82986A2AC00F10709 /* APIError.swift in Sources */,
				AA486B1A2986AEB100E2CF89 /* TrainType.swift in Sources */,
				AAEE43BA2986A2AC00F10709 /* SharedModels.docc in Sources */,
			);
			runOnlyForDeploymentPostprocessing = 0;
		};
/* End PBXSourcesBuildPhase section */

/* Begin XCBuildConfiguration section */
		AAEE43A92986A25D00F10709 /* Debug */ = {
			isa = XCBuildConfiguration;
			buildSettings = {
				ALWAYS_SEARCH_USER_PATHS = NO;
				APPLICATION_EXTENSION_API_ONLY = YES;
				CLANG_ANALYZER_NONNULL = YES;
				CLANG_ANALYZER_NUMBER_OBJECT_CONVERSION = YES_AGGRESSIVE;
				CLANG_CXX_LANGUAGE_STANDARD = "gnu++20";
				CLANG_ENABLE_MODULES = YES;
				CLANG_ENABLE_OBJC_ARC = YES;
				CLANG_ENABLE_OBJC_WEAK = YES;
				CLANG_WARN_BLOCK_CAPTURE_AUTORELEASING = YES;
				CLANG_WARN_BOOL_CONVERSION = YES;
				CLANG_WARN_COMMA = YES;
				CLANG_WARN_CONSTANT_CONVERSION = YES;
				CLANG_WARN_DEPRECATED_OBJC_IMPLEMENTATIONS = YES;
				CLANG_WARN_DIRECT_OBJC_ISA_USAGE = YES_ERROR;
				CLANG_WARN_DOCUMENTATION_COMMENTS = YES;
				CLANG_WARN_EMPTY_BODY = YES;
				CLANG_WARN_ENUM_CONVERSION = YES;
				CLANG_WARN_INFINITE_RECURSION = YES;
				CLANG_WARN_INT_CONVERSION = YES;
				CLANG_WARN_NON_LITERAL_NULL_CONVERSION = YES;
				CLANG_WARN_OBJC_IMPLICIT_RETAIN_SELF = YES;
				CLANG_WARN_OBJC_LITERAL_CONVERSION = YES;
				CLANG_WARN_OBJC_ROOT_CLASS = YES_ERROR;
				CLANG_WARN_QUOTED_INCLUDE_IN_FRAMEWORK_HEADER = YES;
				CLANG_WARN_RANGE_LOOP_ANALYSIS = YES;
				CLANG_WARN_STRICT_PROTOTYPES = YES;
				CLANG_WARN_SUSPICIOUS_MOVE = YES;
				CLANG_WARN_UNGUARDED_AVAILABILITY = YES_AGGRESSIVE;
				CLANG_WARN_UNREACHABLE_CODE = YES;
				CLANG_WARN__DUPLICATE_METHOD_MATCH = YES;
				COPY_PHASE_STRIP = NO;
				CURRENT_PROJECT_VERSION = 1;
				DEBUG_INFORMATION_FORMAT = dwarf;
				ENABLE_STRICT_OBJC_MSGSEND = YES;
				ENABLE_TESTABILITY = YES;
				GCC_C_LANGUAGE_STANDARD = gnu11;
				GCC_DYNAMIC_NO_PIC = NO;
				GCC_NO_COMMON_BLOCKS = YES;
				GCC_OPTIMIZATION_LEVEL = 0;
				GCC_PREPROCESSOR_DEFINITIONS = (
					"DEBUG=1",
					"$(inherited)",
				);
				GCC_WARN_64_TO_32_BIT_CONVERSION = YES;
				GCC_WARN_ABOUT_RETURN_TYPE = YES_ERROR;
				GCC_WARN_UNDECLARED_SELECTOR = YES;
				GCC_WARN_UNINITIALIZED_AUTOS = YES_AGGRESSIVE;
				GCC_WARN_UNUSED_FUNCTION = YES;
				GCC_WARN_UNUSED_VARIABLE = YES;
				IPHONEOS_DEPLOYMENT_TARGET = 16.1;
				MTL_ENABLE_DEBUG_INFO = INCLUDE_SOURCE;
				MTL_FAST_MATH = YES;
				ONLY_ACTIVE_ARCH = YES;
				SDKROOT = iphoneos;
				SWIFT_ACTIVE_COMPILATION_CONDITIONS = DEBUG;
				SWIFT_OPTIMIZATION_LEVEL = "-Onone";
				VERSIONING_SYSTEM = "apple-generic";
				VERSION_INFO_PREFIX = "";
			};
			name = Debug;
		};
		AAEE43AA2986A25D00F10709 /* Release */ = {
			isa = XCBuildConfiguration;
			buildSettings = {
				ALWAYS_SEARCH_USER_PATHS = NO;
				APPLICATION_EXTENSION_API_ONLY = YES;
				CLANG_ANALYZER_NONNULL = YES;
				CLANG_ANALYZER_NUMBER_OBJECT_CONVERSION = YES_AGGRESSIVE;
				CLANG_CXX_LANGUAGE_STANDARD = "gnu++20";
				CLANG_ENABLE_MODULES = YES;
				CLANG_ENABLE_OBJC_ARC = YES;
				CLANG_ENABLE_OBJC_WEAK = YES;
				CLANG_WARN_BLOCK_CAPTURE_AUTORELEASING = YES;
				CLANG_WARN_BOOL_CONVERSION = YES;
				CLANG_WARN_COMMA = YES;
				CLANG_WARN_CONSTANT_CONVERSION = YES;
				CLANG_WARN_DEPRECATED_OBJC_IMPLEMENTATIONS = YES;
				CLANG_WARN_DIRECT_OBJC_ISA_USAGE = YES_ERROR;
				CLANG_WARN_DOCUMENTATION_COMMENTS = YES;
				CLANG_WARN_EMPTY_BODY = YES;
				CLANG_WARN_ENUM_CONVERSION = YES;
				CLANG_WARN_INFINITE_RECURSION = YES;
				CLANG_WARN_INT_CONVERSION = YES;
				CLANG_WARN_NON_LITERAL_NULL_CONVERSION = YES;
				CLANG_WARN_OBJC_IMPLICIT_RETAIN_SELF = YES;
				CLANG_WARN_OBJC_LITERAL_CONVERSION = YES;
				CLANG_WARN_OBJC_ROOT_CLASS = YES_ERROR;
				CLANG_WARN_QUOTED_INCLUDE_IN_FRAMEWORK_HEADER = YES;
				CLANG_WARN_RANGE_LOOP_ANALYSIS = YES;
				CLANG_WARN_STRICT_PROTOTYPES = YES;
				CLANG_WARN_SUSPICIOUS_MOVE = YES;
				CLANG_WARN_UNGUARDED_AVAILABILITY = YES_AGGRESSIVE;
				CLANG_WARN_UNREACHABLE_CODE = YES;
				CLANG_WARN__DUPLICATE_METHOD_MATCH = YES;
				COPY_PHASE_STRIP = NO;
				CURRENT_PROJECT_VERSION = 1;
				DEBUG_INFORMATION_FORMAT = "dwarf-with-dsym";
				ENABLE_NS_ASSERTIONS = NO;
				ENABLE_STRICT_OBJC_MSGSEND = YES;
				GCC_C_LANGUAGE_STANDARD = gnu11;
				GCC_NO_COMMON_BLOCKS = YES;
				GCC_WARN_64_TO_32_BIT_CONVERSION = YES;
				GCC_WARN_ABOUT_RETURN_TYPE = YES_ERROR;
				GCC_WARN_UNDECLARED_SELECTOR = YES;
				GCC_WARN_UNINITIALIZED_AUTOS = YES_AGGRESSIVE;
				GCC_WARN_UNUSED_FUNCTION = YES;
				GCC_WARN_UNUSED_VARIABLE = YES;
				IPHONEOS_DEPLOYMENT_TARGET = 16.1;
				MTL_ENABLE_DEBUG_INFO = NO;
				MTL_FAST_MATH = YES;
				SDKROOT = iphoneos;
				SWIFT_COMPILATION_MODE = wholemodule;
				SWIFT_OPTIMIZATION_LEVEL = "-O";
				VALIDATE_PRODUCT = YES;
				VERSIONING_SYSTEM = "apple-generic";
				VERSION_INFO_PREFIX = "";
			};
			name = Release;
		};
		AAEE43AC2986A25D00F10709 /* Debug */ = {
			isa = XCBuildConfiguration;
			buildSettings = {
				APPLICATION_EXTENSION_API_ONLY = YES;
				CODE_SIGN_STYLE = Manual;
				CURRENT_PROJECT_VERSION = 1;
				DEFINES_MODULE = YES;
				DEVELOPMENT_TEAM = "";
				DYLIB_COMPATIBILITY_VERSION = 1;
				DYLIB_CURRENT_VERSION = 1;
				DYLIB_INSTALL_NAME_BASE = "@rpath";
				GENERATE_INFOPLIST_FILE = YES;
				INFOPLIST_KEY_NSHumanReadableCopyright = "";
				INSTALL_PATH = "$(LOCAL_LIBRARY_DIR)/Frameworks";
				IPHONEOS_DEPLOYMENT_TARGET = 15.0;
				LD_RUNPATH_SEARCH_PATHS = (
					"$(inherited)",
					"@executable_path/Frameworks",
					"@loader_path/Frameworks",
				);
				MARKETING_VERSION = 1.0;
				PRODUCT_BUNDLE_IDENTIFIER = space.codable.SharedModels;
				PRODUCT_NAME = "$(TARGET_NAME:c99extidentifier)";
				PROVISIONING_PROFILE_SPECIFIER = "";
				SKIP_INSTALL = YES;
				SWIFT_EMIT_LOC_STRINGS = YES;
				SWIFT_VERSION = 5.0;
				TARGETED_DEVICE_FAMILY = "1,2";
			};
			name = Debug;
		};
		AAEE43AD2986A25D00F10709 /* Release */ = {
			isa = XCBuildConfiguration;
			buildSettings = {
				APPLICATION_EXTENSION_API_ONLY = YES;
				CODE_SIGN_STYLE = Manual;
				CURRENT_PROJECT_VERSION = 1;
				DEFINES_MODULE = YES;
				DEVELOPMENT_TEAM = "";
				DYLIB_COMPATIBILITY_VERSION = 1;
				DYLIB_CURRENT_VERSION = 1;
				DYLIB_INSTALL_NAME_BASE = "@rpath";
				GENERATE_INFOPLIST_FILE = YES;
				INFOPLIST_KEY_NSHumanReadableCopyright = "";
				INSTALL_PATH = "$(LOCAL_LIBRARY_DIR)/Frameworks";
				IPHONEOS_DEPLOYMENT_TARGET = 15.0;
				LD_RUNPATH_SEARCH_PATHS = (
					"$(inherited)",
					"@executable_path/Frameworks",
					"@loader_path/Frameworks",
				);
				MARKETING_VERSION = 1.0;
				PRODUCT_BUNDLE_IDENTIFIER = space.codable.SharedModels;
				PRODUCT_NAME = "$(TARGET_NAME:c99extidentifier)";
				PROVISIONING_PROFILE_SPECIFIER = "";
				SKIP_INSTALL = YES;
				SWIFT_EMIT_LOC_STRINGS = YES;
				SWIFT_VERSION = 5.0;
				TARGETED_DEVICE_FAMILY = "1,2";
			};
			name = Release;
		};
/* End XCBuildConfiguration section */

/* Begin XCConfigurationList section */
		AAEE439C2986A25D00F10709 /* Build configuration list for PBXProject "SharedModels" */ = {
			isa = XCConfigurationList;
			buildConfigurations = (
				AAEE43A92986A25D00F10709 /* Debug */,
				AAEE43AA2986A25D00F10709 /* Release */,
			);
			defaultConfigurationIsVisible = 0;
			defaultConfigurationName = Release;
		};
		AAEE43AB2986A25D00F10709 /* Build configuration list for PBXNativeTarget "SharedModels" */ = {
			isa = XCConfigurationList;
			buildConfigurations = (
				AAEE43AC2986A25D00F10709 /* Debug */,
				AAEE43AD2986A25D00F10709 /* Release */,
			);
			defaultConfigurationIsVisible = 0;
			defaultConfigurationName = Release;
		};
/* End XCConfigurationList section */
	};
	rootObject = AAEE43992986A25D00F10709 /* Project object */;
}
